// !$*UTF8*$!
{
	archiveVersion = 1;
	classes = {
	};
	objectVersion = 52;
	objects = {

/* Begin PBXBuildFile section */
		C2069AC925CAE8B300ACFD15 /* AppDelegate.swift in Sources */ = {isa = PBXBuildFile; fileRef = C2069AC825CAE8B300ACFD15 /* AppDelegate.swift */; };
		C2069ACF25CAE8B400ACFD15 /* Assets.xcassets in Resources */ = {isa = PBXBuildFile; fileRef = C2069ACE25CAE8B400ACFD15 /* Assets.xcassets */; };
		C2069AD225CAE8B400ACFD15 /* Preview Assets.xcassets in Resources */ = {isa = PBXBuildFile; fileRef = C2069AD125CAE8B400ACFD15 /* Preview Assets.xcassets */; };
		C2069AD525CAE8B400ACFD15 /* LaunchScreen.storyboard in Resources */ = {isa = PBXBuildFile; fileRef = C2069AD325CAE8B400ACFD15 /* LaunchScreen.storyboard */; };
		C2069AE025CAE8B400ACFD15 /* PopflashTests.swift in Sources */ = {isa = PBXBuildFile; fileRef = C2069ADF25CAE8B400ACFD15 /* PopflashTests.swift */; };
		C2069AEB25CAE8B400ACFD15 /* PopflashUITests.swift in Sources */ = {isa = PBXBuildFile; fileRef = C2069AEA25CAE8B400ACFD15 /* PopflashUITests.swift */; };
		C2069AFC25CAE8D500ACFD15 /* FeaturedView.swift in Sources */ = {isa = PBXBuildFile; fileRef = C2069AFB25CAE8D500ACFD15 /* FeaturedView.swift */; };
		C2069B0125CAF01900ACFD15 /* MapsView.swift in Sources */ = {isa = PBXBuildFile; fileRef = C2069B0025CAF01900ACFD15 /* MapsView.swift */; };
		C2069B1525CC041B00ACFD15 /* ContentView.swift in Sources */ = {isa = PBXBuildFile; fileRef = C2069B1425CC041B00ACFD15 /* ContentView.swift */; };
		C21085C425E5832B0062DC81 /* WelcomeView.swift in Sources */ = {isa = PBXBuildFile; fileRef = C21085C325E5832B0062DC81 /* WelcomeView.swift */; };
		C21953A627459C7B00837D4F /* FetchNade.swift in Sources */ = {isa = PBXBuildFile; fileRef = C21953A527459C7B00837D4F /* FetchNade.swift */; };
		C21953A92745A8F200837D4F /* FetchMap.swift in Sources */ = {isa = PBXBuildFile; fileRef = C21953A82745A8F200837D4F /* FetchMap.swift */; };
		C21EC4EF271B6AF2002D5B91 /* FirebaseAuth in Frameworks */ = {isa = PBXBuildFile; productRef = C21EC4EE271B6AF2002D5B91 /* FirebaseAuth */; };
		C21EC4F1271B6AF2002D5B91 /* FirebaseDynamicLinks in Frameworks */ = {isa = PBXBuildFile; productRef = C21EC4F0271B6AF2002D5B91 /* FirebaseDynamicLinks */; };
		C21EC4F3271B6AF2002D5B91 /* FirebaseFirestore in Frameworks */ = {isa = PBXBuildFile; productRef = C21EC4F2271B6AF2002D5B91 /* FirebaseFirestore */; };
		C21EC4F5271B6AF2002D5B91 /* FirebaseFirestoreSwift-Beta in Frameworks */ = {isa = PBXBuildFile; productRef = C21EC4F4271B6AF2002D5B91 /* FirebaseFirestoreSwift-Beta */; };
		C21EC4F7271B6AF2002D5B91 /* FirebaseMessaging in Frameworks */ = {isa = PBXBuildFile; productRef = C21EC4F6271B6AF2002D5B91 /* FirebaseMessaging */; };
		C21EC4F9271B6AF2002D5B91 /* FirebaseStorage in Frameworks */ = {isa = PBXBuildFile; productRef = C21EC4F8271B6AF2002D5B91 /* FirebaseStorage */; };
		C21EC4FC271C0CF3002D5B91 /* DynamicLinkForMap.swift in Sources */ = {isa = PBXBuildFile; fileRef = C21EC4FB271C0CF3002D5B91 /* DynamicLinkForMap.swift */; };
		C21EC4FE271C27A2002D5B91 /* DynamicLinkForNade.swift in Sources */ = {isa = PBXBuildFile; fileRef = C21EC4FD271C27A2002D5B91 /* DynamicLinkForNade.swift */; };
		C21EC500271C2A3E002D5B91 /* DynamicLink.swift in Sources */ = {isa = PBXBuildFile; fileRef = C21EC4FF271C2A3E002D5B91 /* DynamicLink.swift */; };
		C21EC502271C313B002D5B91 /* FirebaseMessaging in Frameworks */ = {isa = PBXBuildFile; productRef = C21EC501271C313B002D5B91 /* FirebaseMessaging */; };
		C21EC504271C3170002D5B91 /* FirebaseAuth in Frameworks */ = {isa = PBXBuildFile; productRef = C21EC503271C3170002D5B91 /* FirebaseAuth */; };
		C21EC506271C3170002D5B91 /* FirebaseFirestore in Frameworks */ = {isa = PBXBuildFile; productRef = C21EC505271C3170002D5B91 /* FirebaseFirestore */; };
		C223FB9225E6785B004EEA5F /* PlayerView.swift in Sources */ = {isa = PBXBuildFile; fileRef = C223FB9125E6785B004EEA5F /* PlayerView.swift */; };
		C227A48B25D82074003F6822 /* FavouritesView.swift in Sources */ = {isa = PBXBuildFile; fileRef = C227A48A25D82074003F6822 /* FavouritesView.swift */; };
		C227A49A25D828C2003F6822 /* SettingsView.swift in Sources */ = {isa = PBXBuildFile; fileRef = C227A49925D828C2003F6822 /* SettingsView.swift */; };
		C227A49F25DB0869003F6822 /* NadesViewModel.swift in Sources */ = {isa = PBXBuildFile; fileRef = C227A49E25DB0869003F6822 /* NadesViewModel.swift */; };
		C231054B25D5A68D000193A9 /* Nade.swift in Sources */ = {isa = PBXBuildFile; fileRef = C231054A25D5A68D000193A9 /* Nade.swift */; };
		C231055625D5A7E4000193A9 /* NadeView.swift in Sources */ = {isa = PBXBuildFile; fileRef = C231055525D5A7E4000193A9 /* NadeView.swift */; };
		C2334C5526B1DC1E004C0FAA /* Kingfisher in Frameworks */ = {isa = PBXBuildFile; productRef = C2334C5426B1DC1E004C0FAA /* Kingfisher */; };
		C2334C6126B30325004C0FAA /* BottomSheet in Frameworks */ = {isa = PBXBuildFile; productRef = C2334C6026B30325004C0FAA /* BottomSheet */; };
		C2334C6426B3052A004C0FAA /* EditProfileView.swift in Sources */ = {isa = PBXBuildFile; fileRef = C2334C6326B3052A004C0FAA /* EditProfileView.swift */; };
		C2334C6626B3285F004C0FAA /* SkillGroup.swift in Sources */ = {isa = PBXBuildFile; fileRef = C2334C6526B3285F004C0FAA /* SkillGroup.swift */; };
		C2334C6826B328A9004C0FAA /* SkillGroupViewModel.swift in Sources */ = {isa = PBXBuildFile; fileRef = C2334C6726B328A9004C0FAA /* SkillGroupViewModel.swift */; };
		C236A5EF27387451007D0AB6 /* CompactLabelStyle.swift in Sources */ = {isa = PBXBuildFile; fileRef = C236A5EE27387451007D0AB6 /* CompactLabelStyle.swift */; };
		C23BB237262F4ED100A24E23 /* Detail.swift in Sources */ = {isa = PBXBuildFile; fileRef = C23BB236262F4ED000A24E23 /* Detail.swift */; };
		C23BB23F2630ADB500A24E23 /* GoogleService-Info.plist in Resources */ = {isa = PBXBuildFile; fileRef = C23BB23E2630ADB500A24E23 /* GoogleService-Info.plist */; };
		C23C6D0325D3EE08008D283F /* Map.swift in Sources */ = {isa = PBXBuildFile; fileRef = C23C6D0225D3EE08008D283F /* Map.swift */; };
		C23C6D1F25D3F9B6008D283F /* AuthenticationService.swift in Sources */ = {isa = PBXBuildFile; fileRef = C23C6D1E25D3F9B6008D283F /* AuthenticationService.swift */; };
		C23C6D5525D41FCF008D283F /* MapsViewModel.swift in Sources */ = {isa = PBXBuildFile; fileRef = C23C6D5425D41FCF008D283F /* MapsViewModel.swift */; };
		C25005482681D7FF004F3A59 /* SegmentedPicker.swift in Sources */ = {isa = PBXBuildFile; fileRef = C25005472681D7FF004F3A59 /* SegmentedPicker.swift */; };
		C250054B2681F010004F3A59 /* FilterView.swift in Sources */ = {isa = PBXBuildFile; fileRef = C250054A2681F010004F3A59 /* FilterView.swift */; };
		C267B57A261CD19800958E01 /* CustomButtonStyle.swift in Sources */ = {isa = PBXBuildFile; fileRef = C267B579261CD19800958E01 /* CustomButtonStyle.swift */; };
		C272480A26B4250300251418 /* UserViewModel.swift in Sources */ = {isa = PBXBuildFile; fileRef = C272480926B4250300251418 /* UserViewModel.swift */; };
		C272480E26B5D0F800251418 /* ImagePicker.swift in Sources */ = {isa = PBXBuildFile; fileRef = C272480D26B5D0F800251418 /* ImagePicker.swift */; };
		C272481926B6F21100251418 /* ImageResizer.swift in Sources */ = {isa = PBXBuildFile; fileRef = C272481826B6F21100251418 /* ImageResizer.swift */; };
		C272481B26B9C16500251418 /* FavouritesViewModel.swift in Sources */ = {isa = PBXBuildFile; fileRef = C272481A26B9C16500251418 /* FavouritesViewModel.swift */; };
		C272481E26B9C48700251418 /* NadeFrom.swift in Sources */ = {isa = PBXBuildFile; fileRef = C272481D26B9C48700251418 /* NadeFrom.swift */; };
		C27D7F09272BDB3200DEB336 /* OverviewTableView.swift in Sources */ = {isa = PBXBuildFile; fileRef = C27D7F08272BDB3200DEB336 /* OverviewTableView.swift */; };
		C27D7F0B272BDCAE00DEB336 /* OverviewTableViewCoordinator.swift in Sources */ = {isa = PBXBuildFile; fileRef = C27D7F0A272BDCAE00DEB336 /* OverviewTableViewCoordinator.swift */; };
		C27E495F25DE7DD800692E01 /* ScreenSize.swift in Sources */ = {isa = PBXBuildFile; fileRef = C27E495E25DE7DD800692E01 /* ScreenSize.swift */; };
		C27E496925DEC78F00692E01 /* ArrayAppStorage.swift in Sources */ = {isa = PBXBuildFile; fileRef = C27E496825DEC78F00692E01 /* ArrayAppStorage.swift */; };
		C29092E72704ECFB0017C049 /* StatusBarHelper.swift in Sources */ = {isa = PBXBuildFile; fileRef = C29092E62704ECFB0017C049 /* StatusBarHelper.swift */; };
		C29092EA2704EDCF0017C049 /* StatusBarBlur.swift in Sources */ = {isa = PBXBuildFile; fileRef = C29092E92704EDCF0017C049 /* StatusBarBlur.swift */; };
		C29092EF27089A0A0017C049 /* Nade.swift in Sources */ = {isa = PBXBuildFile; fileRef = C231054A25D5A68D000193A9 /* Nade.swift */; };
		C29092F027089E470017C049 /* NadeFrom.swift in Sources */ = {isa = PBXBuildFile; fileRef = C272481D26B9C48700251418 /* NadeFrom.swift */; };
		C29092F12708B2CB0017C049 /* GoogleService-Info.plist in Resources */ = {isa = PBXBuildFile; fileRef = C23BB23E2630ADB500A24E23 /* GoogleService-Info.plist */; };
		C29092F4270B73D60017C049 /* PopflashApp.swift in Sources */ = {isa = PBXBuildFile; fileRef = C29092F3270B73D60017C049 /* PopflashApp.swift */; };
		C29092F9270B7CAA0017C049 /* URL.swift in Sources */ = {isa = PBXBuildFile; fileRef = C29092F8270B7CAA0017C049 /* URL.swift */; };
		C29092FB270B7DC30017C049 /* TabIdentifier.swift in Sources */ = {isa = PBXBuildFile; fileRef = C29092FA270B7DC30017C049 /* TabIdentifier.swift */; };
		C2A3018927122760007EF964 /* AppearanceView.swift in Sources */ = {isa = PBXBuildFile; fileRef = C2A3018827122760007EF964 /* AppearanceView.swift */; };
		C2A3018C2712E2F2007EF964 /* TintView.swift in Sources */ = {isa = PBXBuildFile; fileRef = C2A3018B2712E2F2007EF964 /* TintView.swift */; };
		C2A3018F2712F4B7007EF964 /* TintColour.swift in Sources */ = {isa = PBXBuildFile; fileRef = C2A3018E2712F4B7007EF964 /* TintColour.swift */; };
		C2A301932714CC0F007EF964 /* ShareSheet.swift in Sources */ = {isa = PBXBuildFile; fileRef = C2A301922714CC0F007EF964 /* ShareSheet.swift */; };
		C2A301DB271617C2007EF964 /* SegmentedPickerStyle.swift in Sources */ = {isa = PBXBuildFile; fileRef = C2A301DA271617C2007EF964 /* SegmentedPickerStyle.swift */; };
		C2A301DE27161892007EF964 /* SegmentedPickerItemStyle.swift in Sources */ = {isa = PBXBuildFile; fileRef = C2A301DD27161892007EF964 /* SegmentedPickerItemStyle.swift */; };
		C2A8CD2E2628C344007F55B3 /* MapCell.swift in Sources */ = {isa = PBXBuildFile; fileRef = C2A8CD2D2628C344007F55B3 /* MapCell.swift */; };
		C2B968DF26BDAE0D00CB2C04 /* MapCollectionView.swift in Sources */ = {isa = PBXBuildFile; fileRef = C2B968DE26BDAE0D00CB2C04 /* MapCollectionView.swift */; };
		C2B968E426BF064A00CB2C04 /* MapCollectionViewCoordinator.swift in Sources */ = {isa = PBXBuildFile; fileRef = C2B968E326BF064A00CB2C04 /* MapCollectionViewCoordinator.swift */; };
		C2B968EA26C018DE00CB2C04 /* FavouriteMapsViewModel.swift in Sources */ = {isa = PBXBuildFile; fileRef = C2B968E926C018DE00CB2C04 /* FavouriteMapsViewModel.swift */; };
		C2B968ED26C01A5100CB2C04 /* MapFrom.swift in Sources */ = {isa = PBXBuildFile; fileRef = C2B968EC26C01A5100CB2C04 /* MapFrom.swift */; };
		C2B968EF26C16F9A00CB2C04 /* RecentlyViewedViewModel.swift in Sources */ = {isa = PBXBuildFile; fileRef = C2B968EE26C16F9A00CB2C04 /* RecentlyViewedViewModel.swift */; };
		C2BA142C2729AFE5000B6C4B /* OverviewViewModel.swift in Sources */ = {isa = PBXBuildFile; fileRef = C2BA142B2729AFE5000B6C4B /* OverviewViewModel.swift */; };
		C2BA142E2729B03C000B6C4B /* Overview.swift in Sources */ = {isa = PBXBuildFile; fileRef = C2BA142D2729B03C000B6C4B /* Overview.swift */; };
		C2BA14312729B15B000B6C4B /* OverviewFrom.swift in Sources */ = {isa = PBXBuildFile; fileRef = C2BA14302729B15B000B6C4B /* OverviewFrom.swift */; };
		C2BA14332729EACD000B6C4B /* Callout.swift in Sources */ = {isa = PBXBuildFile; fileRef = C2BA14322729EACD000B6C4B /* Callout.swift */; };
		C2BA14352729ED19000B6C4B /* CalloutFrom.swift in Sources */ = {isa = PBXBuildFile; fileRef = C2BA14342729ED19000B6C4B /* CalloutFrom.swift */; };
		C2BB804E26F77A0300592CBD /* WidgetKit.framework in Frameworks */ = {isa = PBXBuildFile; fileRef = C2BB803926F7793A00592CBD /* WidgetKit.framework */; };
		C2BB804F26F77A0300592CBD /* SwiftUI.framework in Frameworks */ = {isa = PBXBuildFile; fileRef = C2BB803B26F7793A00592CBD /* SwiftUI.framework */; };
		C2BB805226F77A0300592CBD /* WidgetExtension.swift in Sources */ = {isa = PBXBuildFile; fileRef = C2BB805126F77A0300592CBD /* WidgetExtension.swift */; };
		C2BB805426F77A0700592CBD /* Assets.xcassets in Resources */ = {isa = PBXBuildFile; fileRef = C2BB805326F77A0700592CBD /* Assets.xcassets */; };
		C2BB805826F77A0700592CBD /* WidgetExtension.appex in Embed App Extensions */ = {isa = PBXBuildFile; fileRef = C2BB804D26F77A0300592CBD /* WidgetExtension.appex */; settings = {ATTRIBUTES = (RemoveHeadersOnCopy, ); }; };
		C2C5EEFB267209DA002ACAE1 /* SearchBar.swift in Sources */ = {isa = PBXBuildFile; fileRef = C2C5EEFA267209DA002ACAE1 /* SearchBar.swift */; };
		C2D21AD725FBE38F00FA7368 /* ProgressBar.swift in Sources */ = {isa = PBXBuildFile; fileRef = C2D21AD625FBE38F00FA7368 /* ProgressBar.swift */; };
		C2D21ADF25FD28DE00FA7368 /* OnRotation.swift in Sources */ = {isa = PBXBuildFile; fileRef = C2D21ADE25FD28DE00FA7368 /* OnRotation.swift */; };
		C2D21B2C260129C100FA7368 /* EditFavouriteMapsView.swift in Sources */ = {isa = PBXBuildFile; fileRef = C2D21B2B260129C000FA7368 /* EditFavouriteMapsView.swift */; };
		C2D4067E2643270C00CDCB2B /* PinchToZoom.swift in Sources */ = {isa = PBXBuildFile; fileRef = C2D4067D2643270C00CDCB2B /* PinchToZoom.swift */; };
		C2D4068026454B6B00CDCB2B /* ComplimentCell.swift in Sources */ = {isa = PBXBuildFile; fileRef = C2D4067F26454B6B00CDCB2B /* ComplimentCell.swift */; };
		C2D44B232700E26A003A151E /* VisualEffectView.swift in Sources */ = {isa = PBXBuildFile; fileRef = C2D44B222700E269003A151E /* VisualEffectView.swift */; };
		C2D44B2727039E5C003A151E /* ScrollOffset.swift in Sources */ = {isa = PBXBuildFile; fileRef = C2D44B2627039E5C003A151E /* ScrollOffset.swift */; };
		C2D70557269232D6005A0D3B /* OverviewView.swift in Sources */ = {isa = PBXBuildFile; fileRef = C2D70556269232D6005A0D3B /* OverviewView.swift */; };
		C2DE77FE26CD67560092BADE /* FeaturedViewModel.swift in Sources */ = {isa = PBXBuildFile; fileRef = C2DE77FD26CD67560092BADE /* FeaturedViewModel.swift */; };
		C2DE780126CFBF9D0092BADE /* NotificationsView.swift in Sources */ = {isa = PBXBuildFile; fileRef = C2DE780026CFBF9D0092BADE /* NotificationsView.swift */; };
		C2DE780326D0F7F60092BADE /* EnableNotificationsView.swift in Sources */ = {isa = PBXBuildFile; fileRef = C2DE780226D0F7F60092BADE /* EnableNotificationsView.swift */; };
		C2DE780626D2A8A10092BADE /* SubscribeTo.swift in Sources */ = {isa = PBXBuildFile; fileRef = C2DE780526D2A8A10092BADE /* SubscribeTo.swift */; };
		C2DE780826D2A9E50092BADE /* UnsubscribeFrom.swift in Sources */ = {isa = PBXBuildFile; fileRef = C2DE780726D2A9E50092BADE /* UnsubscribeFrom.swift */; };
		C2DE780A26D2AC610092BADE /* NotificationsViewModel.swift in Sources */ = {isa = PBXBuildFile; fileRef = C2DE780926D2AC610092BADE /* NotificationsViewModel.swift */; };
		C2DE781426D4FEB80092BADE /* NotificationService.swift in Sources */ = {isa = PBXBuildFile; fileRef = C2DE781326D4FEB80092BADE /* NotificationService.swift */; };
		C2DE781826D4FEB80092BADE /* NotificationServiceExtension.appex in Embed App Extensions */ = {isa = PBXBuildFile; fileRef = C2DE781126D4FEB80092BADE /* NotificationServiceExtension.appex */; settings = {ATTRIBUTES = (RemoveHeadersOnCopy, ); }; };
		C2DE783A26D56EEC0092BADE /* ActivityIndicator.swift in Sources */ = {isa = PBXBuildFile; fileRef = C2DE783926D56EEC0092BADE /* ActivityIndicator.swift */; };
		C2DE785126D826A60092BADE /* RecentlyViewedViewModelOrder.swift in Sources */ = {isa = PBXBuildFile; fileRef = C2DE785026D826A60092BADE /* RecentlyViewedViewModelOrder.swift */; };
		C2E65E7926C54F0E004DEE87 /* RecentSection.swift in Sources */ = {isa = PBXBuildFile; fileRef = C2E65E7826C54F0E004DEE87 /* RecentSection.swift */; };
		C2E65E7C26C54F44004DEE87 /* Date.swift in Sources */ = {isa = PBXBuildFile; fileRef = C2E65E7B26C54F44004DEE87 /* Date.swift */; };
		C2E65E7E26C54F63004DEE87 /* DateObjectFrom.swift in Sources */ = {isa = PBXBuildFile; fileRef = C2E65E7D26C54F63004DEE87 /* DateObjectFrom.swift */; };
		C2E65E8026C6ACCE004DEE87 /* DateStringFrom.swift in Sources */ = {isa = PBXBuildFile; fileRef = C2E65E7F26C6ACCE004DEE87 /* DateStringFrom.swift */; };
		C2E7A6AE26A1C4630057B5ED /* RecentlyViewedView.swift in Sources */ = {isa = PBXBuildFile; fileRef = C2E7A6AD26A1C4630057B5ED /* RecentlyViewedView.swift */; };
		C2E7A6B126A33EFA0057B5ED /* CellShadow.swift in Sources */ = {isa = PBXBuildFile; fileRef = C2E7A6B026A33EFA0057B5ED /* CellShadow.swift */; };
		C2F8AD5126ADD7F100038524 /* LoginViewModel.swift in Sources */ = {isa = PBXBuildFile; fileRef = C2F8AD5026ADD7F100038524 /* LoginViewModel.swift */; };
		C2F92E2525CC7A3C00AEECD0 /* MapsDetailView.swift in Sources */ = {isa = PBXBuildFile; fileRef = C2F92E2425CC7A3C00AEECD0 /* MapsDetailView.swift */; };
/* End PBXBuildFile section */

/* Begin PBXContainerItemProxy section */
		C2069ADC25CAE8B400ACFD15 /* PBXContainerItemProxy */ = {
			isa = PBXContainerItemProxy;
			containerPortal = C2069ABD25CAE8B300ACFD15 /* Project object */;
			proxyType = 1;
			remoteGlobalIDString = C2069AC425CAE8B300ACFD15;
			remoteInfo = Popflash;
		};
		C2069AE725CAE8B400ACFD15 /* PBXContainerItemProxy */ = {
			isa = PBXContainerItemProxy;
			containerPortal = C2069ABD25CAE8B300ACFD15 /* Project object */;
			proxyType = 1;
			remoteGlobalIDString = C2069AC425CAE8B300ACFD15;
			remoteInfo = Popflash;
		};
		C2BB805626F77A0700592CBD /* PBXContainerItemProxy */ = {
			isa = PBXContainerItemProxy;
			containerPortal = C2069ABD25CAE8B300ACFD15 /* Project object */;
			proxyType = 1;
			remoteGlobalIDString = C2BB804C26F77A0300592CBD;
			remoteInfo = WidgetExtensionExtension;
		};
		C2DE781626D4FEB80092BADE /* PBXContainerItemProxy */ = {
			isa = PBXContainerItemProxy;
			containerPortal = C2069ABD25CAE8B300ACFD15 /* Project object */;
			proxyType = 1;
			remoteGlobalIDString = C2DE781026D4FEB80092BADE;
			remoteInfo = NotificationServiceExtension;
		};
/* End PBXContainerItemProxy section */

/* Begin PBXCopyFilesBuildPhase section */
		C2DE781C26D4FEB80092BADE /* Embed App Extensions */ = {
			isa = PBXCopyFilesBuildPhase;
			buildActionMask = 2147483647;
			dstPath = "";
			dstSubfolderSpec = 13;
			files = (
				C2DE781826D4FEB80092BADE /* NotificationServiceExtension.appex in Embed App Extensions */,
				C2BB805826F77A0700592CBD /* WidgetExtension.appex in Embed App Extensions */,
			);
			name = "Embed App Extensions";
			runOnlyForDeploymentPostprocessing = 0;
		};
/* End PBXCopyFilesBuildPhase section */

/* Begin PBXFileReference section */
		C2069AC525CAE8B300ACFD15 /* Popflash.app */ = {isa = PBXFileReference; explicitFileType = wrapper.application; includeInIndex = 0; path = Popflash.app; sourceTree = BUILT_PRODUCTS_DIR; };
		C2069AC825CAE8B300ACFD15 /* AppDelegate.swift */ = {isa = PBXFileReference; lastKnownFileType = sourcecode.swift; path = AppDelegate.swift; sourceTree = "<group>"; };
		C2069ACE25CAE8B400ACFD15 /* Assets.xcassets */ = {isa = PBXFileReference; lastKnownFileType = folder.assetcatalog; path = Assets.xcassets; sourceTree = "<group>"; };
		C2069AD125CAE8B400ACFD15 /* Preview Assets.xcassets */ = {isa = PBXFileReference; lastKnownFileType = folder.assetcatalog; path = "Preview Assets.xcassets"; sourceTree = "<group>"; };
		C2069AD425CAE8B400ACFD15 /* Base */ = {isa = PBXFileReference; lastKnownFileType = file.storyboard; name = Base; path = Base.lproj/LaunchScreen.storyboard; sourceTree = "<group>"; };
		C2069AD625CAE8B400ACFD15 /* Info.plist */ = {isa = PBXFileReference; lastKnownFileType = text.plist.xml; path = Info.plist; sourceTree = "<group>"; };
		C2069ADB25CAE8B400ACFD15 /* PopflashTests.xctest */ = {isa = PBXFileReference; explicitFileType = wrapper.cfbundle; includeInIndex = 0; path = PopflashTests.xctest; sourceTree = BUILT_PRODUCTS_DIR; };
		C2069ADF25CAE8B400ACFD15 /* PopflashTests.swift */ = {isa = PBXFileReference; lastKnownFileType = sourcecode.swift; path = PopflashTests.swift; sourceTree = "<group>"; };
		C2069AE125CAE8B400ACFD15 /* Info.plist */ = {isa = PBXFileReference; lastKnownFileType = text.plist.xml; path = Info.plist; sourceTree = "<group>"; };
		C2069AE625CAE8B400ACFD15 /* PopflashUITests.xctest */ = {isa = PBXFileReference; explicitFileType = wrapper.cfbundle; includeInIndex = 0; path = PopflashUITests.xctest; sourceTree = BUILT_PRODUCTS_DIR; };
		C2069AEA25CAE8B400ACFD15 /* PopflashUITests.swift */ = {isa = PBXFileReference; lastKnownFileType = sourcecode.swift; path = PopflashUITests.swift; sourceTree = "<group>"; };
		C2069AEC25CAE8B400ACFD15 /* Info.plist */ = {isa = PBXFileReference; lastKnownFileType = text.plist.xml; path = Info.plist; sourceTree = "<group>"; };
		C2069AFB25CAE8D500ACFD15 /* FeaturedView.swift */ = {isa = PBXFileReference; lastKnownFileType = sourcecode.swift; path = FeaturedView.swift; sourceTree = "<group>"; };
		C2069B0025CAF01900ACFD15 /* MapsView.swift */ = {isa = PBXFileReference; lastKnownFileType = sourcecode.swift; path = MapsView.swift; sourceTree = "<group>"; };
		C2069B1425CC041B00ACFD15 /* ContentView.swift */ = {isa = PBXFileReference; lastKnownFileType = sourcecode.swift; path = ContentView.swift; sourceTree = "<group>"; };
		C21085C325E5832B0062DC81 /* WelcomeView.swift */ = {isa = PBXFileReference; lastKnownFileType = sourcecode.swift; path = WelcomeView.swift; sourceTree = "<group>"; };
		C21953A527459C7B00837D4F /* FetchNade.swift */ = {isa = PBXFileReference; lastKnownFileType = sourcecode.swift; path = FetchNade.swift; sourceTree = "<group>"; };
		C21953A82745A8F200837D4F /* FetchMap.swift */ = {isa = PBXFileReference; lastKnownFileType = sourcecode.swift; path = FetchMap.swift; sourceTree = "<group>"; };
		C21EC4FB271C0CF3002D5B91 /* DynamicLinkForMap.swift */ = {isa = PBXFileReference; lastKnownFileType = sourcecode.swift; path = DynamicLinkForMap.swift; sourceTree = "<group>"; };
		C21EC4FD271C27A2002D5B91 /* DynamicLinkForNade.swift */ = {isa = PBXFileReference; lastKnownFileType = sourcecode.swift; path = DynamicLinkForNade.swift; sourceTree = "<group>"; };
		C21EC4FF271C2A3E002D5B91 /* DynamicLink.swift */ = {isa = PBXFileReference; lastKnownFileType = sourcecode.swift; path = DynamicLink.swift; sourceTree = "<group>"; };
		C223FB9125E6785B004EEA5F /* PlayerView.swift */ = {isa = PBXFileReference; lastKnownFileType = sourcecode.swift; path = PlayerView.swift; sourceTree = "<group>"; };
		C227A48A25D82074003F6822 /* FavouritesView.swift */ = {isa = PBXFileReference; lastKnownFileType = sourcecode.swift; path = FavouritesView.swift; sourceTree = "<group>"; };
		C227A49925D828C2003F6822 /* SettingsView.swift */ = {isa = PBXFileReference; lastKnownFileType = sourcecode.swift; path = SettingsView.swift; sourceTree = "<group>"; };
		C227A49E25DB0869003F6822 /* NadesViewModel.swift */ = {isa = PBXFileReference; lastKnownFileType = sourcecode.swift; path = NadesViewModel.swift; sourceTree = "<group>"; };
		C231054A25D5A68D000193A9 /* Nade.swift */ = {isa = PBXFileReference; lastKnownFileType = sourcecode.swift; path = Nade.swift; sourceTree = "<group>"; };
		C231055525D5A7E4000193A9 /* NadeView.swift */ = {isa = PBXFileReference; lastKnownFileType = sourcecode.swift; path = NadeView.swift; sourceTree = "<group>"; };
		C2334C6326B3052A004C0FAA /* EditProfileView.swift */ = {isa = PBXFileReference; lastKnownFileType = sourcecode.swift; path = EditProfileView.swift; sourceTree = "<group>"; };
		C2334C6526B3285F004C0FAA /* SkillGroup.swift */ = {isa = PBXFileReference; lastKnownFileType = sourcecode.swift; path = SkillGroup.swift; sourceTree = "<group>"; };
		C2334C6726B328A9004C0FAA /* SkillGroupViewModel.swift */ = {isa = PBXFileReference; lastKnownFileType = sourcecode.swift; path = SkillGroupViewModel.swift; sourceTree = "<group>"; };
		C236A5EE27387451007D0AB6 /* CompactLabelStyle.swift */ = {isa = PBXFileReference; lastKnownFileType = sourcecode.swift; path = CompactLabelStyle.swift; sourceTree = "<group>"; };
		C23BB236262F4ED000A24E23 /* Detail.swift */ = {isa = PBXFileReference; fileEncoding = 4; lastKnownFileType = sourcecode.swift; path = Detail.swift; sourceTree = "<group>"; };
		C23BB23E2630ADB500A24E23 /* GoogleService-Info.plist */ = {isa = PBXFileReference; fileEncoding = 4; lastKnownFileType = text.plist.xml; path = "GoogleService-Info.plist"; sourceTree = "<group>"; };
		C23C6D0225D3EE08008D283F /* Map.swift */ = {isa = PBXFileReference; lastKnownFileType = sourcecode.swift; path = Map.swift; sourceTree = "<group>"; };
		C23C6D1E25D3F9B6008D283F /* AuthenticationService.swift */ = {isa = PBXFileReference; lastKnownFileType = sourcecode.swift; path = AuthenticationService.swift; sourceTree = "<group>"; };
		C23C6D5425D41FCF008D283F /* MapsViewModel.swift */ = {isa = PBXFileReference; lastKnownFileType = sourcecode.swift; path = MapsViewModel.swift; sourceTree = "<group>"; };
		C25005472681D7FF004F3A59 /* SegmentedPicker.swift */ = {isa = PBXFileReference; lastKnownFileType = sourcecode.swift; path = SegmentedPicker.swift; sourceTree = "<group>"; };
		C250054A2681F010004F3A59 /* FilterView.swift */ = {isa = PBXFileReference; lastKnownFileType = sourcecode.swift; path = FilterView.swift; sourceTree = "<group>"; };
		C267B579261CD19800958E01 /* CustomButtonStyle.swift */ = {isa = PBXFileReference; lastKnownFileType = sourcecode.swift; path = CustomButtonStyle.swift; sourceTree = "<group>"; };
		C272480926B4250300251418 /* UserViewModel.swift */ = {isa = PBXFileReference; lastKnownFileType = sourcecode.swift; path = UserViewModel.swift; sourceTree = "<group>"; };
		C272480D26B5D0F800251418 /* ImagePicker.swift */ = {isa = PBXFileReference; lastKnownFileType = sourcecode.swift; path = ImagePicker.swift; sourceTree = "<group>"; };
		C272481826B6F21100251418 /* ImageResizer.swift */ = {isa = PBXFileReference; lastKnownFileType = sourcecode.swift; path = ImageResizer.swift; sourceTree = "<group>"; };
		C272481A26B9C16500251418 /* FavouritesViewModel.swift */ = {isa = PBXFileReference; lastKnownFileType = sourcecode.swift; path = FavouritesViewModel.swift; sourceTree = "<group>"; };
		C272481D26B9C48700251418 /* NadeFrom.swift */ = {isa = PBXFileReference; lastKnownFileType = sourcecode.swift; path = NadeFrom.swift; sourceTree = "<group>"; };
		C27D7F08272BDB3200DEB336 /* OverviewTableView.swift */ = {isa = PBXFileReference; lastKnownFileType = sourcecode.swift; path = OverviewTableView.swift; sourceTree = "<group>"; };
		C27D7F0A272BDCAE00DEB336 /* OverviewTableViewCoordinator.swift */ = {isa = PBXFileReference; lastKnownFileType = sourcecode.swift; path = OverviewTableViewCoordinator.swift; sourceTree = "<group>"; };
		C27E495E25DE7DD800692E01 /* ScreenSize.swift */ = {isa = PBXFileReference; lastKnownFileType = sourcecode.swift; path = ScreenSize.swift; sourceTree = "<group>"; };
		C27E496825DEC78F00692E01 /* ArrayAppStorage.swift */ = {isa = PBXFileReference; lastKnownFileType = sourcecode.swift; path = ArrayAppStorage.swift; sourceTree = "<group>"; };
		C29092E62704ECFB0017C049 /* StatusBarHelper.swift */ = {isa = PBXFileReference; lastKnownFileType = sourcecode.swift; path = StatusBarHelper.swift; sourceTree = "<group>"; };
		C29092E92704EDCF0017C049 /* StatusBarBlur.swift */ = {isa = PBXFileReference; lastKnownFileType = sourcecode.swift; path = StatusBarBlur.swift; sourceTree = "<group>"; };
		C29092F22708B7660017C049 /* WidgetExtension.entitlements */ = {isa = PBXFileReference; lastKnownFileType = text.plist.entitlements; path = WidgetExtension.entitlements; sourceTree = "<group>"; };
		C29092F3270B73D60017C049 /* PopflashApp.swift */ = {isa = PBXFileReference; lastKnownFileType = sourcecode.swift; path = PopflashApp.swift; sourceTree = "<group>"; };
		C29092F8270B7CAA0017C049 /* URL.swift */ = {isa = PBXFileReference; lastKnownFileType = sourcecode.swift; path = URL.swift; sourceTree = "<group>"; };
		C29092FA270B7DC30017C049 /* TabIdentifier.swift */ = {isa = PBXFileReference; lastKnownFileType = sourcecode.swift; path = TabIdentifier.swift; sourceTree = "<group>"; };
		C2A3018827122760007EF964 /* AppearanceView.swift */ = {isa = PBXFileReference; lastKnownFileType = sourcecode.swift; path = AppearanceView.swift; sourceTree = "<group>"; };
		C2A3018B2712E2F2007EF964 /* TintView.swift */ = {isa = PBXFileReference; lastKnownFileType = sourcecode.swift; path = TintView.swift; sourceTree = "<group>"; };
		C2A3018E2712F4B7007EF964 /* TintColour.swift */ = {isa = PBXFileReference; lastKnownFileType = sourcecode.swift; path = TintColour.swift; sourceTree = "<group>"; };
		C2A301922714CC0F007EF964 /* ShareSheet.swift */ = {isa = PBXFileReference; lastKnownFileType = sourcecode.swift; path = ShareSheet.swift; sourceTree = "<group>"; };
		C2A301DA271617C2007EF964 /* SegmentedPickerStyle.swift */ = {isa = PBXFileReference; lastKnownFileType = sourcecode.swift; path = SegmentedPickerStyle.swift; sourceTree = "<group>"; };
		C2A301DD27161892007EF964 /* SegmentedPickerItemStyle.swift */ = {isa = PBXFileReference; lastKnownFileType = sourcecode.swift; path = SegmentedPickerItemStyle.swift; sourceTree = "<group>"; };
		C2A8CD2D2628C344007F55B3 /* MapCell.swift */ = {isa = PBXFileReference; lastKnownFileType = sourcecode.swift; path = MapCell.swift; sourceTree = "<group>"; };
		C2B968DE26BDAE0D00CB2C04 /* MapCollectionView.swift */ = {isa = PBXFileReference; lastKnownFileType = sourcecode.swift; path = MapCollectionView.swift; sourceTree = "<group>"; };
		C2B968E326BF064A00CB2C04 /* MapCollectionViewCoordinator.swift */ = {isa = PBXFileReference; lastKnownFileType = sourcecode.swift; path = MapCollectionViewCoordinator.swift; sourceTree = "<group>"; };
		C2B968E926C018DE00CB2C04 /* FavouriteMapsViewModel.swift */ = {isa = PBXFileReference; lastKnownFileType = sourcecode.swift; path = FavouriteMapsViewModel.swift; sourceTree = "<group>"; };
		C2B968EC26C01A5100CB2C04 /* MapFrom.swift */ = {isa = PBXFileReference; lastKnownFileType = sourcecode.swift; path = MapFrom.swift; sourceTree = "<group>"; };
		C2B968EE26C16F9A00CB2C04 /* RecentlyViewedViewModel.swift */ = {isa = PBXFileReference; lastKnownFileType = sourcecode.swift; path = RecentlyViewedViewModel.swift; sourceTree = "<group>"; };
		C2BA142B2729AFE5000B6C4B /* OverviewViewModel.swift */ = {isa = PBXFileReference; lastKnownFileType = sourcecode.swift; path = OverviewViewModel.swift; sourceTree = "<group>"; };
		C2BA142D2729B03C000B6C4B /* Overview.swift */ = {isa = PBXFileReference; lastKnownFileType = sourcecode.swift; path = Overview.swift; sourceTree = "<group>"; };
		C2BA14302729B15B000B6C4B /* OverviewFrom.swift */ = {isa = PBXFileReference; lastKnownFileType = sourcecode.swift; path = OverviewFrom.swift; sourceTree = "<group>"; };
		C2BA14322729EACD000B6C4B /* Callout.swift */ = {isa = PBXFileReference; lastKnownFileType = sourcecode.swift; path = Callout.swift; sourceTree = "<group>"; };
		C2BA14342729ED19000B6C4B /* CalloutFrom.swift */ = {isa = PBXFileReference; lastKnownFileType = sourcecode.swift; path = CalloutFrom.swift; sourceTree = "<group>"; };
		C2BB803926F7793A00592CBD /* WidgetKit.framework */ = {isa = PBXFileReference; lastKnownFileType = wrapper.framework; name = WidgetKit.framework; path = System/Library/Frameworks/WidgetKit.framework; sourceTree = SDKROOT; };
		C2BB803B26F7793A00592CBD /* SwiftUI.framework */ = {isa = PBXFileReference; lastKnownFileType = wrapper.framework; name = SwiftUI.framework; path = System/Library/Frameworks/SwiftUI.framework; sourceTree = SDKROOT; };
		C2BB804D26F77A0300592CBD /* WidgetExtension.appex */ = {isa = PBXFileReference; explicitFileType = "wrapper.app-extension"; includeInIndex = 0; path = WidgetExtension.appex; sourceTree = BUILT_PRODUCTS_DIR; };
		C2BB805126F77A0300592CBD /* WidgetExtension.swift */ = {isa = PBXFileReference; lastKnownFileType = sourcecode.swift; path = WidgetExtension.swift; sourceTree = "<group>"; };
		C2BB805326F77A0700592CBD /* Assets.xcassets */ = {isa = PBXFileReference; lastKnownFileType = folder.assetcatalog; path = Assets.xcassets; sourceTree = "<group>"; };
		C2BB805526F77A0700592CBD /* Info.plist */ = {isa = PBXFileReference; lastKnownFileType = text.plist.xml; path = Info.plist; sourceTree = "<group>"; };
		C2C5EEFA267209DA002ACAE1 /* SearchBar.swift */ = {isa = PBXFileReference; lastKnownFileType = sourcecode.swift; path = SearchBar.swift; sourceTree = "<group>"; };
		C2D21AD625FBE38F00FA7368 /* ProgressBar.swift */ = {isa = PBXFileReference; lastKnownFileType = sourcecode.swift; path = ProgressBar.swift; sourceTree = "<group>"; };
		C2D21ADE25FD28DE00FA7368 /* OnRotation.swift */ = {isa = PBXFileReference; lastKnownFileType = sourcecode.swift; path = OnRotation.swift; sourceTree = "<group>"; };
		C2D21B2B260129C000FA7368 /* EditFavouriteMapsView.swift */ = {isa = PBXFileReference; lastKnownFileType = sourcecode.swift; path = EditFavouriteMapsView.swift; sourceTree = "<group>"; };
		C2D4067D2643270C00CDCB2B /* PinchToZoom.swift */ = {isa = PBXFileReference; lastKnownFileType = sourcecode.swift; path = PinchToZoom.swift; sourceTree = "<group>"; };
		C2D4067F26454B6B00CDCB2B /* ComplimentCell.swift */ = {isa = PBXFileReference; lastKnownFileType = sourcecode.swift; path = ComplimentCell.swift; sourceTree = "<group>"; };
		C2D44B222700E269003A151E /* VisualEffectView.swift */ = {isa = PBXFileReference; lastKnownFileType = sourcecode.swift; path = VisualEffectView.swift; sourceTree = "<group>"; };
		C2D44B2627039E5C003A151E /* ScrollOffset.swift */ = {isa = PBXFileReference; lastKnownFileType = sourcecode.swift; name = ScrollOffset.swift; path = Popflash/Resources/ScrollOffset.swift; sourceTree = SOURCE_ROOT; };
		C2D70556269232D6005A0D3B /* OverviewView.swift */ = {isa = PBXFileReference; lastKnownFileType = sourcecode.swift; path = OverviewView.swift; sourceTree = "<group>"; };
		C2DE77FD26CD67560092BADE /* FeaturedViewModel.swift */ = {isa = PBXFileReference; lastKnownFileType = sourcecode.swift; path = FeaturedViewModel.swift; sourceTree = "<group>"; };
		C2DE780026CFBF9D0092BADE /* NotificationsView.swift */ = {isa = PBXFileReference; lastKnownFileType = sourcecode.swift; path = NotificationsView.swift; sourceTree = "<group>"; };
		C2DE780226D0F7F60092BADE /* EnableNotificationsView.swift */ = {isa = PBXFileReference; lastKnownFileType = sourcecode.swift; path = EnableNotificationsView.swift; sourceTree = "<group>"; };
		C2DE780526D2A8A10092BADE /* SubscribeTo.swift */ = {isa = PBXFileReference; lastKnownFileType = sourcecode.swift; path = SubscribeTo.swift; sourceTree = "<group>"; };
		C2DE780726D2A9E50092BADE /* UnsubscribeFrom.swift */ = {isa = PBXFileReference; lastKnownFileType = sourcecode.swift; path = UnsubscribeFrom.swift; sourceTree = "<group>"; };
		C2DE780926D2AC610092BADE /* NotificationsViewModel.swift */ = {isa = PBXFileReference; lastKnownFileType = sourcecode.swift; path = NotificationsViewModel.swift; sourceTree = "<group>"; };
		C2DE781126D4FEB80092BADE /* NotificationServiceExtension.appex */ = {isa = PBXFileReference; explicitFileType = "wrapper.app-extension"; includeInIndex = 0; path = NotificationServiceExtension.appex; sourceTree = BUILT_PRODUCTS_DIR; };
		C2DE781326D4FEB80092BADE /* NotificationService.swift */ = {isa = PBXFileReference; lastKnownFileType = sourcecode.swift; path = NotificationService.swift; sourceTree = "<group>"; };
		C2DE781526D4FEB80092BADE /* Info.plist */ = {isa = PBXFileReference; lastKnownFileType = text.plist.xml; path = Info.plist; sourceTree = "<group>"; };
		C2DE782226D500240092BADE /* UserNotifications.framework */ = {isa = PBXFileReference; lastKnownFileType = wrapper.framework; name = UserNotifications.framework; path = System/Library/Frameworks/UserNotifications.framework; sourceTree = SDKROOT; };
		C2DE782426D500240092BADE /* UserNotificationsUI.framework */ = {isa = PBXFileReference; lastKnownFileType = wrapper.framework; name = UserNotificationsUI.framework; path = System/Library/Frameworks/UserNotificationsUI.framework; sourceTree = SDKROOT; };
		C2DE783926D56EEC0092BADE /* ActivityIndicator.swift */ = {isa = PBXFileReference; lastKnownFileType = sourcecode.swift; path = ActivityIndicator.swift; sourceTree = "<group>"; };
		C2DE785026D826A60092BADE /* RecentlyViewedViewModelOrder.swift */ = {isa = PBXFileReference; lastKnownFileType = sourcecode.swift; path = RecentlyViewedViewModelOrder.swift; sourceTree = "<group>"; };
		C2E65E7826C54F0E004DEE87 /* RecentSection.swift */ = {isa = PBXFileReference; lastKnownFileType = sourcecode.swift; path = RecentSection.swift; sourceTree = "<group>"; };
		C2E65E7B26C54F44004DEE87 /* Date.swift */ = {isa = PBXFileReference; lastKnownFileType = sourcecode.swift; path = Date.swift; sourceTree = "<group>"; };
		C2E65E7D26C54F63004DEE87 /* DateObjectFrom.swift */ = {isa = PBXFileReference; lastKnownFileType = sourcecode.swift; path = DateObjectFrom.swift; sourceTree = "<group>"; };
		C2E65E7F26C6ACCE004DEE87 /* DateStringFrom.swift */ = {isa = PBXFileReference; lastKnownFileType = sourcecode.swift; path = DateStringFrom.swift; sourceTree = "<group>"; };
		C2E7A6AD26A1C4630057B5ED /* RecentlyViewedView.swift */ = {isa = PBXFileReference; lastKnownFileType = sourcecode.swift; path = RecentlyViewedView.swift; sourceTree = "<group>"; };
		C2E7A6B026A33EFA0057B5ED /* CellShadow.swift */ = {isa = PBXFileReference; lastKnownFileType = sourcecode.swift; path = CellShadow.swift; sourceTree = "<group>"; };
		C2F8AD5026ADD7F100038524 /* LoginViewModel.swift */ = {isa = PBXFileReference; lastKnownFileType = sourcecode.swift; path = LoginViewModel.swift; sourceTree = "<group>"; };
		C2F92E2425CC7A3C00AEECD0 /* MapsDetailView.swift */ = {isa = PBXFileReference; lastKnownFileType = sourcecode.swift; path = MapsDetailView.swift; sourceTree = "<group>"; };
/* End PBXFileReference section */

/* Begin PBXFrameworksBuildPhase section */
		C2069AC225CAE8B300ACFD15 /* Frameworks */ = {
			isa = PBXFrameworksBuildPhase;
			buildActionMask = 2147483647;
			files = (
				C2334C6126B30325004C0FAA /* BottomSheet in Frameworks */,
				C21EC4EF271B6AF2002D5B91 /* FirebaseAuth in Frameworks */,
				C21EC4F7271B6AF2002D5B91 /* FirebaseMessaging in Frameworks */,
				C2334C5526B1DC1E004C0FAA /* Kingfisher in Frameworks */,
				C21EC4F5271B6AF2002D5B91 /* FirebaseFirestoreSwift-Beta in Frameworks */,
				C21EC4F9271B6AF2002D5B91 /* FirebaseStorage in Frameworks */,
				C21EC4F3271B6AF2002D5B91 /* FirebaseFirestore in Frameworks */,
				C21EC4F1271B6AF2002D5B91 /* FirebaseDynamicLinks in Frameworks */,
			);
			runOnlyForDeploymentPostprocessing = 0;
		};
		C2069AD825CAE8B400ACFD15 /* Frameworks */ = {
			isa = PBXFrameworksBuildPhase;
			buildActionMask = 2147483647;
			files = (
			);
			runOnlyForDeploymentPostprocessing = 0;
		};
		C2069AE325CAE8B400ACFD15 /* Frameworks */ = {
			isa = PBXFrameworksBuildPhase;
			buildActionMask = 2147483647;
			files = (
			);
			runOnlyForDeploymentPostprocessing = 0;
		};
		C2BB804A26F77A0300592CBD /* Frameworks */ = {
			isa = PBXFrameworksBuildPhase;
			buildActionMask = 2147483647;
			files = (
				C2BB804F26F77A0300592CBD /* SwiftUI.framework in Frameworks */,
				C21EC506271C3170002D5B91 /* FirebaseFirestore in Frameworks */,
				C21EC504271C3170002D5B91 /* FirebaseAuth in Frameworks */,
				C2BB804E26F77A0300592CBD /* WidgetKit.framework in Frameworks */,
			);
			runOnlyForDeploymentPostprocessing = 0;
		};
		C2DE780E26D4FEB80092BADE /* Frameworks */ = {
			isa = PBXFrameworksBuildPhase;
			buildActionMask = 2147483647;
			files = (
				C21EC502271C313B002D5B91 /* FirebaseMessaging in Frameworks */,
			);
			runOnlyForDeploymentPostprocessing = 0;
		};
/* End PBXFrameworksBuildPhase section */

/* Begin PBXGroup section */
		C2069ABC25CAE8B300ACFD15 = {
			isa = PBXGroup;
			children = (
				C2069AC725CAE8B300ACFD15 /* Popflash */,
				C2069ADE25CAE8B400ACFD15 /* PopflashTests */,
				C2069AE925CAE8B400ACFD15 /* PopflashUITests */,
				C2DE781226D4FEB80092BADE /* NotificationServiceExtension */,
				C2BB805026F77A0300592CBD /* WidgetExtension */,
				C2069AC625CAE8B300ACFD15 /* Products */,
				C2A1D2D526B0A20300DF92DF /* Frameworks */,
			);
			sourceTree = "<group>";
		};
		C2069AC625CAE8B300ACFD15 /* Products */ = {
			isa = PBXGroup;
			children = (
				C2069AC525CAE8B300ACFD15 /* Popflash.app */,
				C2069ADB25CAE8B400ACFD15 /* PopflashTests.xctest */,
				C2069AE625CAE8B400ACFD15 /* PopflashUITests.xctest */,
				C2DE781126D4FEB80092BADE /* NotificationServiceExtension.appex */,
				C2BB804D26F77A0300592CBD /* WidgetExtension.appex */,
			);
			name = Products;
			sourceTree = "<group>";
		};
		C2069AC725CAE8B300ACFD15 /* Popflash */ = {
			isa = PBXGroup;
			children = (
				C29092F3270B73D60017C049 /* PopflashApp.swift */,
				C23C6D5225D41F82008D283F /* Views */,
				C23C6D5325D41FA0008D283F /* ViewModels */,
				C23C6D0125D3ED84008D283F /* Models */,
				C2069B0825CB3A9C00ACFD15 /* Resources */,
				C2069AC825CAE8B300ACFD15 /* AppDelegate.swift */,
				C2069ACE25CAE8B400ACFD15 /* Assets.xcassets */,
				C2069AD325CAE8B400ACFD15 /* LaunchScreen.storyboard */,
				C23BB23E2630ADB500A24E23 /* GoogleService-Info.plist */,
				C2069AD625CAE8B400ACFD15 /* Info.plist */,
				C23C6D1D25D3F9A5008D283F /* Services */,
				C2069AD025CAE8B400ACFD15 /* Preview Content */,
			);
			path = Popflash;
			sourceTree = "<group>";
		};
		C2069AD025CAE8B400ACFD15 /* Preview Content */ = {
			isa = PBXGroup;
			children = (
				C2069AD125CAE8B400ACFD15 /* Preview Assets.xcassets */,
			);
			path = "Preview Content";
			sourceTree = "<group>";
		};
		C2069ADE25CAE8B400ACFD15 /* PopflashTests */ = {
			isa = PBXGroup;
			children = (
				C2069ADF25CAE8B400ACFD15 /* PopflashTests.swift */,
				C2069AE125CAE8B400ACFD15 /* Info.plist */,
			);
			path = PopflashTests;
			sourceTree = "<group>";
		};
		C2069AE925CAE8B400ACFD15 /* PopflashUITests */ = {
			isa = PBXGroup;
			children = (
				C2069AEA25CAE8B400ACFD15 /* PopflashUITests.swift */,
				C2069AEC25CAE8B400ACFD15 /* Info.plist */,
			);
			path = PopflashUITests;
			sourceTree = "<group>";
		};
		C2069B0825CB3A9C00ACFD15 /* Resources */ = {
			isa = PBXGroup;
			children = (
				C2DE783926D56EEC0092BADE /* ActivityIndicator.swift */,
				C27E496825DEC78F00692E01 /* ArrayAppStorage.swift */,
				C2E7A6B026A33EFA0057B5ED /* CellShadow.swift */,
				C236A5EE27387451007D0AB6 /* CompactLabelStyle.swift */,
				C267B579261CD19800958E01 /* CustomButtonStyle.swift */,
				C2E65E7A26C54F34004DEE87 /* Date */,
				C21EC4FA271C0CB5002D5B91 /* DynamicLink */,
				C21953A72745A8E600837D4F /* Fetch */,
				C272480C26B5D0E100251418 /* ImagePicker */,
				C2D21ADE25FD28DE00FA7368 /* OnRotation.swift */,
				C2D4067D2643270C00CDCB2B /* PinchToZoom.swift */,
				C223FB9125E6785B004EEA5F /* PlayerView.swift */,
				C2D21AD625FBE38F00FA7368 /* ProgressBar.swift */,
				C2BA142A27273F1A000B6C4B /* PushNotifications */,
				C27E495E25DE7DD800692E01 /* ScreenSize.swift */,
				C2D44B2627039E5C003A151E /* ScrollOffset.swift */,
				C2C5EEFA267209DA002ACAE1 /* SearchBar.swift */,
				C2A301DC271617C7007EF964 /* SegmentedPicker */,
				C2A301942714CCD2007EF964 /* ShareSheet */,
				C29092E82704ED860017C049 /* StatusBar */,
				C29092FA270B7DC30017C049 /* TabIdentifier.swift */,
				C29092F8270B7CAA0017C049 /* URL.swift */,
				C2D44B222700E269003A151E /* VisualEffectView.swift */,
			);
			path = Resources;
			sourceTree = "<group>";
		};
		C21085B625E580F00062DC81 /* Welcome */ = {
			isa = PBXGroup;
			children = (
				C21085C325E5832B0062DC81 /* WelcomeView.swift */,
			);
			path = Welcome;
			sourceTree = "<group>";
		};
		C21953A72745A8E600837D4F /* Fetch */ = {
			isa = PBXGroup;
			children = (
				C21953A82745A8F200837D4F /* FetchMap.swift */,
				C21953A527459C7B00837D4F /* FetchNade.swift */,
			);
			path = Fetch;
			sourceTree = "<group>";
		};
		C21EC4FA271C0CB5002D5B91 /* DynamicLink */ = {
			isa = PBXGroup;
			children = (
				C21EC4FF271C2A3E002D5B91 /* DynamicLink.swift */,
				C21EC4FB271C0CF3002D5B91 /* DynamicLinkForMap.swift */,
				C21EC4FD271C27A2002D5B91 /* DynamicLinkForNade.swift */,
			);
			path = DynamicLink;
			sourceTree = "<group>";
		};
		C227A48725D8200D003F6822 /* Maps */ = {
			isa = PBXGroup;
			children = (
				C2A8CD2D2628C344007F55B3 /* MapCell.swift */,
				C2069B0025CAF01900ACFD15 /* MapsView.swift */,
				C25005492681EFEE004F3A59 /* MapsDetailView */,
			);
			path = Maps;
			sourceTree = "<group>";
		};
		C227A48825D8201B003F6822 /* Featured */ = {
			isa = PBXGroup;
			children = (
				C2069AFB25CAE8D500ACFD15 /* FeaturedView.swift */,
			);
			path = Featured;
			sourceTree = "<group>";
		};
		C227A48925D82031003F6822 /* Favourites */ = {
			isa = PBXGroup;
			children = (
				C227A48A25D82074003F6822 /* FavouritesView.swift */,
				C2DFEA5B26AF31CE003B7E3D /* EditFavouriteMapsView */,
			);
			path = Favourites;
			sourceTree = "<group>";
		};
		C227A49525D82822003F6822 /* Settings */ = {
			isa = PBXGroup;
			children = (
				C227A49925D828C2003F6822 /* SettingsView.swift */,
				C2A3018A27122767007EF964 /* Appearance */,
				C272480B26B5A4AF00251418 /* EditProfile */,
				C2DE77FF26CFBF7E0092BADE /* NotificationsView */,
				C2E7A6AF26A1C4690057B5ED /* RecentlyViewed */,
				C2A3018D2712E2F8007EF964 /* Tint */,
			);
			path = Settings;
			sourceTree = "<group>";
		};
		C23C6D0125D3ED84008D283F /* Models */ = {
			isa = PBXGroup;
			children = (
				C2BA14322729EACD000B6C4B /* Callout.swift */,
				C23BB236262F4ED000A24E23 /* Detail.swift */,
				C23C6D0225D3EE08008D283F /* Map.swift */,
				C231054A25D5A68D000193A9 /* Nade.swift */,
				C2BA142D2729B03C000B6C4B /* Overview.swift */,
				C2E65E7826C54F0E004DEE87 /* RecentSection.swift */,
				C2334C6526B3285F004C0FAA /* SkillGroup.swift */,
			);
			path = Models;
			sourceTree = "<group>";
		};
		C23C6D1D25D3F9A5008D283F /* Services */ = {
			isa = PBXGroup;
			children = (
				C23C6D1E25D3F9B6008D283F /* AuthenticationService.swift */,
			);
			path = Services;
			sourceTree = "<group>";
		};
		C23C6D5225D41F82008D283F /* Views */ = {
			isa = PBXGroup;
			children = (
				C29092F5270B73DE0017C049 /* ContentView */,
				C227A48825D8201B003F6822 /* Featured */,
				C227A48725D8200D003F6822 /* Maps */,
				C2D21B2225FE528A00FA7368 /* Nade */,
				C227A48925D82031003F6822 /* Favourites */,
				C227A49525D82822003F6822 /* Settings */,
				C21085B625E580F00062DC81 /* Welcome */,
			);
			path = Views;
			sourceTree = "<group>";
		};
		C23C6D5325D41FA0008D283F /* ViewModels */ = {
			isa = PBXGroup;
			children = (
				C2B968E926C018DE00CB2C04 /* FavouriteMapsViewModel.swift */,
				C272481A26B9C16500251418 /* FavouritesViewModel.swift */,
				C2DE77FD26CD67560092BADE /* FeaturedViewModel.swift */,
				C2F8AD5026ADD7F100038524 /* LoginViewModel.swift */,
				C2DE780926D2AC610092BADE /* NotificationsViewModel.swift */,
				C2BA142F2729B14A000B6C4B /* OverviewViewModel */,
				C2DE784F26D8265F0092BADE /* RecentlyViewedViewModel */,
				C2B968EB26C01A4300CB2C04 /* MapsViewModel */,
				C272481C26B9C47800251418 /* NadesViewModel */,
				C2334C6726B328A9004C0FAA /* SkillGroupViewModel.swift */,
				C272480926B4250300251418 /* UserViewModel.swift */,
			);
			path = ViewModels;
			sourceTree = "<group>";
		};
		C25005492681EFEE004F3A59 /* MapsDetailView */ = {
			isa = PBXGroup;
			children = (
				C2F92E2425CC7A3C00AEECD0 /* MapsDetailView.swift */,
				C2E7A6AB26A1C37E0057B5ED /* Filter */,
			);
			path = MapsDetailView;
			sourceTree = "<group>";
		};
		C272480B26B5A4AF00251418 /* EditProfile */ = {
			isa = PBXGroup;
			children = (
				C2334C6326B3052A004C0FAA /* EditProfileView.swift */,
			);
			path = EditProfile;
			sourceTree = "<group>";
		};
		C272480C26B5D0E100251418 /* ImagePicker */ = {
			isa = PBXGroup;
			children = (
				C272480D26B5D0F800251418 /* ImagePicker.swift */,
				C272481826B6F21100251418 /* ImageResizer.swift */,
			);
			path = ImagePicker;
			sourceTree = "<group>";
		};
		C272481C26B9C47800251418 /* NadesViewModel */ = {
			isa = PBXGroup;
			children = (
				C272481D26B9C48700251418 /* NadeFrom.swift */,
				C227A49E25DB0869003F6822 /* NadesViewModel.swift */,
			);
			path = NadesViewModel;
			sourceTree = "<group>";
		};
		C27D7F07272BDB1C00DEB336 /* OverviewView */ = {
			isa = PBXGroup;
			children = (
				C27D7F08272BDB3200DEB336 /* OverviewTableView.swift */,
				C27D7F0A272BDCAE00DEB336 /* OverviewTableViewCoordinator.swift */,
				C2D70556269232D6005A0D3B /* OverviewView.swift */,
			);
			path = OverviewView;
			sourceTree = "<group>";
		};
		C29092E82704ED860017C049 /* StatusBar */ = {
			isa = PBXGroup;
			children = (
				C29092E92704EDCF0017C049 /* StatusBarBlur.swift */,
				C29092E62704ECFB0017C049 /* StatusBarHelper.swift */,
			);
			path = StatusBar;
			sourceTree = "<group>";
		};
		C29092F5270B73DE0017C049 /* ContentView */ = {
			isa = PBXGroup;
			children = (
				C2069B1425CC041B00ACFD15 /* ContentView.swift */,
			);
			path = ContentView;
			sourceTree = "<group>";
		};
		C2A1D2D526B0A20300DF92DF /* Frameworks */ = {
			isa = PBXGroup;
			children = (
				C2DE782226D500240092BADE /* UserNotifications.framework */,
				C2DE782426D500240092BADE /* UserNotificationsUI.framework */,
				C2BB803926F7793A00592CBD /* WidgetKit.framework */,
				C2BB803B26F7793A00592CBD /* SwiftUI.framework */,
			);
			name = Frameworks;
			sourceTree = "<group>";
		};
		C2A3018A27122767007EF964 /* Appearance */ = {
			isa = PBXGroup;
			children = (
				C2A3018827122760007EF964 /* AppearanceView.swift */,
			);
			path = Appearance;
			sourceTree = "<group>";
		};
		C2A3018D2712E2F8007EF964 /* Tint */ = {
			isa = PBXGroup;
			children = (
				C2A3018E2712F4B7007EF964 /* TintColour.swift */,
				C2A3018B2712E2F2007EF964 /* TintView.swift */,
			);
			path = Tint;
			sourceTree = "<group>";
		};
		C2A301942714CCD2007EF964 /* ShareSheet */ = {
			isa = PBXGroup;
			children = (
				C2A301922714CC0F007EF964 /* ShareSheet.swift */,
			);
			path = ShareSheet;
			sourceTree = "<group>";
		};
		C2A301DC271617C7007EF964 /* SegmentedPicker */ = {
			isa = PBXGroup;
			children = (
				C25005472681D7FF004F3A59 /* SegmentedPicker.swift */,
				C2A301DD27161892007EF964 /* SegmentedPickerItemStyle.swift */,
				C2A301DA271617C2007EF964 /* SegmentedPickerStyle.swift */,
			);
			path = SegmentedPicker;
			sourceTree = "<group>";
		};
		C2B968E026BEEB9900CB2C04 /* MapCollectionView */ = {
			isa = PBXGroup;
			children = (
				C2B968DE26BDAE0D00CB2C04 /* MapCollectionView.swift */,
				C2B968E326BF064A00CB2C04 /* MapCollectionViewCoordinator.swift */,
			);
			path = MapCollectionView;
			sourceTree = "<group>";
		};
		C2B968EB26C01A4300CB2C04 /* MapsViewModel */ = {
			isa = PBXGroup;
			children = (
				C2B968EC26C01A5100CB2C04 /* MapFrom.swift */,
				C23C6D5425D41FCF008D283F /* MapsViewModel.swift */,
			);
			path = MapsViewModel;
			sourceTree = "<group>";
		};
		C2BA142A27273F1A000B6C4B /* PushNotifications */ = {
			isa = PBXGroup;
			children = (
				C2DE780526D2A8A10092BADE /* SubscribeTo.swift */,
				C2DE780726D2A9E50092BADE /* UnsubscribeFrom.swift */,
			);
			path = PushNotifications;
			sourceTree = "<group>";
		};
		C2BA142F2729B14A000B6C4B /* OverviewViewModel */ = {
			isa = PBXGroup;
			children = (
				C2BA14342729ED19000B6C4B /* CalloutFrom.swift */,
				C2BA14302729B15B000B6C4B /* OverviewFrom.swift */,
				C2BA142B2729AFE5000B6C4B /* OverviewViewModel.swift */,
			);
			path = OverviewViewModel;
			sourceTree = "<group>";
		};
		C2BB805026F77A0300592CBD /* WidgetExtension */ = {
			isa = PBXGroup;
			children = (
				C29092F22708B7660017C049 /* WidgetExtension.entitlements */,
				C2BB805126F77A0300592CBD /* WidgetExtension.swift */,
				C2BB805326F77A0700592CBD /* Assets.xcassets */,
				C2BB805526F77A0700592CBD /* Info.plist */,
			);
			path = WidgetExtension;
			sourceTree = "<group>";
		};
		C2D21B2225FE528A00FA7368 /* Nade */ = {
			isa = PBXGroup;
			children = (
				C231055525D5A7E4000193A9 /* NadeView.swift */,
				C2D4067F26454B6B00CDCB2B /* ComplimentCell.swift */,
			);
			path = Nade;
			sourceTree = "<group>";
		};
		C2DE77FF26CFBF7E0092BADE /* NotificationsView */ = {
			isa = PBXGroup;
			children = (
				C2DE780226D0F7F60092BADE /* EnableNotificationsView.swift */,
				C2DE780426D2A8870092BADE /* NotificationsView */,
			);
			path = NotificationsView;
			sourceTree = "<group>";
		};
		C2DE780426D2A8870092BADE /* NotificationsView */ = {
			isa = PBXGroup;
			children = (
				C2DE780026CFBF9D0092BADE /* NotificationsView.swift */,
			);
			path = NotificationsView;
			sourceTree = "<group>";
		};
		C2DE781226D4FEB80092BADE /* NotificationServiceExtension */ = {
			isa = PBXGroup;
			children = (
				C2DE781326D4FEB80092BADE /* NotificationService.swift */,
				C2DE781526D4FEB80092BADE /* Info.plist */,
			);
			path = NotificationServiceExtension;
			sourceTree = "<group>";
		};
		C2DE784F26D8265F0092BADE /* RecentlyViewedViewModel */ = {
			isa = PBXGroup;
			children = (
				C2B968EE26C16F9A00CB2C04 /* RecentlyViewedViewModel.swift */,
				C2DE785026D826A60092BADE /* RecentlyViewedViewModelOrder.swift */,
			);
			path = RecentlyViewedViewModel;
			sourceTree = "<group>";
		};
		C2DFEA5B26AF31CE003B7E3D /* EditFavouriteMapsView */ = {
			isa = PBXGroup;
			children = (
				C2D21B2B260129C000FA7368 /* EditFavouriteMapsView.swift */,
				C2B968E026BEEB9900CB2C04 /* MapCollectionView */,
			);
			path = EditFavouriteMapsView;
			sourceTree = "<group>";
		};
		C2E65E7A26C54F34004DEE87 /* Date */ = {
			isa = PBXGroup;
			children = (
				C2E65E7B26C54F44004DEE87 /* Date.swift */,
				C2E65E7D26C54F63004DEE87 /* DateObjectFrom.swift */,
				C2E65E7F26C6ACCE004DEE87 /* DateStringFrom.swift */,
			);
			path = Date;
			sourceTree = "<group>";
		};
		C2E7A6AB26A1C37E0057B5ED /* Filter */ = {
			isa = PBXGroup;
			children = (
				C250054A2681F010004F3A59 /* FilterView.swift */,
				C27D7F07272BDB1C00DEB336 /* OverviewView */,
			);
			path = Filter;
			sourceTree = "<group>";
		};
		C2E7A6AF26A1C4690057B5ED /* RecentlyViewed */ = {
			isa = PBXGroup;
			children = (
				C2E7A6AD26A1C4630057B5ED /* RecentlyViewedView.swift */,
			);
			path = RecentlyViewed;
			sourceTree = "<group>";
		};
/* End PBXGroup section */

/* Begin PBXNativeTarget section */
		C2069AC425CAE8B300ACFD15 /* Popflash */ = {
			isa = PBXNativeTarget;
			buildConfigurationList = C2069AEF25CAE8B400ACFD15 /* Build configuration list for PBXNativeTarget "Popflash" */;
			buildPhases = (
				C2069AC125CAE8B300ACFD15 /* Sources */,
				C2069AC225CAE8B300ACFD15 /* Frameworks */,
				C2069AC325CAE8B300ACFD15 /* Resources */,
				C2DE781C26D4FEB80092BADE /* Embed App Extensions */,
			);
			buildRules = (
			);
			dependencies = (
				C2DE781726D4FEB80092BADE /* PBXTargetDependency */,
				C2BB805726F77A0700592CBD /* PBXTargetDependency */,
			);
			name = Popflash;
			packageProductDependencies = (
				C2334C5426B1DC1E004C0FAA /* Kingfisher */,
				C2334C6026B30325004C0FAA /* BottomSheet */,
				C21EC4EE271B6AF2002D5B91 /* FirebaseAuth */,
				C21EC4F0271B6AF2002D5B91 /* FirebaseDynamicLinks */,
				C21EC4F2271B6AF2002D5B91 /* FirebaseFirestore */,
				C21EC4F4271B6AF2002D5B91 /* FirebaseFirestoreSwift-Beta */,
				C21EC4F6271B6AF2002D5B91 /* FirebaseMessaging */,
				C21EC4F8271B6AF2002D5B91 /* FirebaseStorage */,
			);
			productName = Popflash;
			productReference = C2069AC525CAE8B300ACFD15 /* Popflash.app */;
			productType = "com.apple.product-type.application";
		};
		C2069ADA25CAE8B400ACFD15 /* PopflashTests */ = {
			isa = PBXNativeTarget;
			buildConfigurationList = C2069AF225CAE8B400ACFD15 /* Build configuration list for PBXNativeTarget "PopflashTests" */;
			buildPhases = (
				C2069AD725CAE8B400ACFD15 /* Sources */,
				C2069AD825CAE8B400ACFD15 /* Frameworks */,
				C2069AD925CAE8B400ACFD15 /* Resources */,
			);
			buildRules = (
			);
			dependencies = (
				C2069ADD25CAE8B400ACFD15 /* PBXTargetDependency */,
			);
			name = PopflashTests;
			productName = PopflashTests;
			productReference = C2069ADB25CAE8B400ACFD15 /* PopflashTests.xctest */;
			productType = "com.apple.product-type.bundle.unit-test";
		};
		C2069AE525CAE8B400ACFD15 /* PopflashUITests */ = {
			isa = PBXNativeTarget;
			buildConfigurationList = C2069AF525CAE8B400ACFD15 /* Build configuration list for PBXNativeTarget "PopflashUITests" */;
			buildPhases = (
				C2069AE225CAE8B400ACFD15 /* Sources */,
				C2069AE325CAE8B400ACFD15 /* Frameworks */,
				C2069AE425CAE8B400ACFD15 /* Resources */,
			);
			buildRules = (
			);
			dependencies = (
				C2069AE825CAE8B400ACFD15 /* PBXTargetDependency */,
			);
			name = PopflashUITests;
			productName = PopflashUITests;
			productReference = C2069AE625CAE8B400ACFD15 /* PopflashUITests.xctest */;
			productType = "com.apple.product-type.bundle.ui-testing";
		};
		C2BB804C26F77A0300592CBD /* WidgetExtension */ = {
			isa = PBXNativeTarget;
			buildConfigurationList = C2BB805926F77A0700592CBD /* Build configuration list for PBXNativeTarget "WidgetExtension" */;
			buildPhases = (
				C2BB804926F77A0300592CBD /* Sources */,
				C2BB804A26F77A0300592CBD /* Frameworks */,
				C2BB804B26F77A0300592CBD /* Resources */,
			);
			buildRules = (
			);
			dependencies = (
			);
			name = WidgetExtension;
			packageProductDependencies = (
				C21EC503271C3170002D5B91 /* FirebaseAuth */,
				C21EC505271C3170002D5B91 /* FirebaseFirestore */,
			);
			productName = WidgetExtensionExtension;
			productReference = C2BB804D26F77A0300592CBD /* WidgetExtension.appex */;
			productType = "com.apple.product-type.app-extension";
		};
		C2DE781026D4FEB80092BADE /* NotificationServiceExtension */ = {
			isa = PBXNativeTarget;
			buildConfigurationList = C2DE781926D4FEB80092BADE /* Build configuration list for PBXNativeTarget "NotificationServiceExtension" */;
			buildPhases = (
				C2DE780D26D4FEB80092BADE /* Sources */,
				C2DE780E26D4FEB80092BADE /* Frameworks */,
				C2DE780F26D4FEB80092BADE /* Resources */,
			);
			buildRules = (
			);
			dependencies = (
			);
			name = NotificationServiceExtension;
			packageProductDependencies = (
				C21EC501271C313B002D5B91 /* FirebaseMessaging */,
			);
			productName = NotificationServiceExtension;
			productReference = C2DE781126D4FEB80092BADE /* NotificationServiceExtension.appex */;
			productType = "com.apple.product-type.app-extension";
		};
/* End PBXNativeTarget section */

/* Begin PBXProject section */
		C2069ABD25CAE8B300ACFD15 /* Project object */ = {
			isa = PBXProject;
			attributes = {
				LastSwiftUpdateCheck = 1300;
				LastUpgradeCheck = 1240;
				TargetAttributes = {
					C2069AC425CAE8B300ACFD15 = {
						CreatedOnToolsVersion = 12.4;
					};
					C2069ADA25CAE8B400ACFD15 = {
						CreatedOnToolsVersion = 12.4;
						TestTargetID = C2069AC425CAE8B300ACFD15;
					};
					C2069AE525CAE8B400ACFD15 = {
						CreatedOnToolsVersion = 12.4;
						TestTargetID = C2069AC425CAE8B300ACFD15;
					};
					C2BB804C26F77A0300592CBD = {
						CreatedOnToolsVersion = 13.0;
					};
					C2DE781026D4FEB80092BADE = {
						CreatedOnToolsVersion = 13.0;
					};
				};
			};
			buildConfigurationList = C2069AC025CAE8B300ACFD15 /* Build configuration list for PBXProject "Popflash" */;
			compatibilityVersion = "Xcode 9.3";
			developmentRegion = en;
			hasScannedForEncodings = 0;
			knownRegions = (
				en,
				Base,
			);
			mainGroup = C2069ABC25CAE8B300ACFD15;
			packageReferences = (
				C2334C5326B1DC1E004C0FAA /* XCRemoteSwiftPackageReference "Kingfisher" */,
				C2334C5F26B30325004C0FAA /* XCRemoteSwiftPackageReference "BottomSheet" */,
				C21EC4ED271B6AF2002D5B91 /* XCRemoteSwiftPackageReference "firebase-ios-sdk" */,
			);
			productRefGroup = C2069AC625CAE8B300ACFD15 /* Products */;
			projectDirPath = "";
			projectRoot = "";
			targets = (
				C2069AC425CAE8B300ACFD15 /* Popflash */,
				C2069ADA25CAE8B400ACFD15 /* PopflashTests */,
				C2069AE525CAE8B400ACFD15 /* PopflashUITests */,
				C2DE781026D4FEB80092BADE /* NotificationServiceExtension */,
				C2BB804C26F77A0300592CBD /* WidgetExtension */,
			);
		};
/* End PBXProject section */

/* Begin PBXResourcesBuildPhase section */
		C2069AC325CAE8B300ACFD15 /* Resources */ = {
			isa = PBXResourcesBuildPhase;
			buildActionMask = 2147483647;
			files = (
				C2069AD525CAE8B400ACFD15 /* LaunchScreen.storyboard in Resources */,
				C23BB23F2630ADB500A24E23 /* GoogleService-Info.plist in Resources */,
				C2069AD225CAE8B400ACFD15 /* Preview Assets.xcassets in Resources */,
				C2069ACF25CAE8B400ACFD15 /* Assets.xcassets in Resources */,
			);
			runOnlyForDeploymentPostprocessing = 0;
		};
		C2069AD925CAE8B400ACFD15 /* Resources */ = {
			isa = PBXResourcesBuildPhase;
			buildActionMask = 2147483647;
			files = (
			);
			runOnlyForDeploymentPostprocessing = 0;
		};
		C2069AE425CAE8B400ACFD15 /* Resources */ = {
			isa = PBXResourcesBuildPhase;
			buildActionMask = 2147483647;
			files = (
			);
			runOnlyForDeploymentPostprocessing = 0;
		};
		C2BB804B26F77A0300592CBD /* Resources */ = {
			isa = PBXResourcesBuildPhase;
			buildActionMask = 2147483647;
			files = (
				C2BB805426F77A0700592CBD /* Assets.xcassets in Resources */,
				C29092F12708B2CB0017C049 /* GoogleService-Info.plist in Resources */,
			);
			runOnlyForDeploymentPostprocessing = 0;
		};
		C2DE780F26D4FEB80092BADE /* Resources */ = {
			isa = PBXResourcesBuildPhase;
			buildActionMask = 2147483647;
			files = (
			);
			runOnlyForDeploymentPostprocessing = 0;
		};
/* End PBXResourcesBuildPhase section */

/* Begin PBXSourcesBuildPhase section */
		C2069AC125CAE8B300ACFD15 /* Sources */ = {
			isa = PBXSourcesBuildPhase;
			buildActionMask = 2147483647;
			files = (
				C2BA142E2729B03C000B6C4B /* Overview.swift in Sources */,
				C272481B26B9C16500251418 /* FavouritesViewModel.swift in Sources */,
				C2DE780826D2A9E50092BADE /* UnsubscribeFrom.swift in Sources */,
				C227A49A25D828C2003F6822 /* SettingsView.swift in Sources */,
				C27D7F09272BDB3200DEB336 /* OverviewTableView.swift in Sources */,
				C2B968ED26C01A5100CB2C04 /* MapFrom.swift in Sources */,
				C2B968DF26BDAE0D00CB2C04 /* MapCollectionView.swift in Sources */,
				C2A301DE27161892007EF964 /* SegmentedPickerItemStyle.swift in Sources */,
				C2E65E7926C54F0E004DEE87 /* RecentSection.swift in Sources */,
				C2DE780626D2A8A10092BADE /* SubscribeTo.swift in Sources */,
				C231055625D5A7E4000193A9 /* NadeView.swift in Sources */,
				C23BB237262F4ED100A24E23 /* Detail.swift in Sources */,
				C2069AC925CAE8B300ACFD15 /* AppDelegate.swift in Sources */,
				C2B968E426BF064A00CB2C04 /* MapCollectionViewCoordinator.swift in Sources */,
				C2E65E7E26C54F63004DEE87 /* DateObjectFrom.swift in Sources */,
				C223FB9225E6785B004EEA5F /* PlayerView.swift in Sources */,
				C21EC4FC271C0CF3002D5B91 /* DynamicLinkForMap.swift in Sources */,
				C27E496925DEC78F00692E01 /* ArrayAppStorage.swift in Sources */,
				C2F92E2525CC7A3C00AEECD0 /* MapsDetailView.swift in Sources */,
				C272480E26B5D0F800251418 /* ImagePicker.swift in Sources */,
				C2D21B2C260129C100FA7368 /* EditFavouriteMapsView.swift in Sources */,
				C2DE780326D0F7F60092BADE /* EnableNotificationsView.swift in Sources */,
				C23C6D5525D41FCF008D283F /* MapsViewModel.swift in Sources */,
				C29092E72704ECFB0017C049 /* StatusBarHelper.swift in Sources */,
				C236A5EF27387451007D0AB6 /* CompactLabelStyle.swift in Sources */,
				C227A49F25DB0869003F6822 /* NadesViewModel.swift in Sources */,
				C2334C6426B3052A004C0FAA /* EditProfileView.swift in Sources */,
				C2DE780A26D2AC610092BADE /* NotificationsViewModel.swift in Sources */,
				C2F8AD5126ADD7F100038524 /* LoginViewModel.swift in Sources */,
				C250054B2681F010004F3A59 /* FilterView.swift in Sources */,
				C21085C425E5832B0062DC81 /* WelcomeView.swift in Sources */,
				C21953A92745A8F200837D4F /* FetchMap.swift in Sources */,
				C2A301DB271617C2007EF964 /* SegmentedPickerStyle.swift in Sources */,
				C231054B25D5A68D000193A9 /* Nade.swift in Sources */,
				C2BA14332729EACD000B6C4B /* Callout.swift in Sources */,
				C2E7A6B126A33EFA0057B5ED /* CellShadow.swift in Sources */,
				C2BA14312729B15B000B6C4B /* OverviewFrom.swift in Sources */,
				C2DE780126CFBF9D0092BADE /* NotificationsView.swift in Sources */,
				C2A3018927122760007EF964 /* AppearanceView.swift in Sources */,
				C2BA14352729ED19000B6C4B /* CalloutFrom.swift in Sources */,
				C2B968EA26C018DE00CB2C04 /* FavouriteMapsViewModel.swift in Sources */,
				C27D7F0B272BDCAE00DEB336 /* OverviewTableViewCoordinator.swift in Sources */,
				C2069AFC25CAE8D500ACFD15 /* FeaturedView.swift in Sources */,
				C2334C6626B3285F004C0FAA /* SkillGroup.swift in Sources */,
				C2D4067E2643270C00CDCB2B /* PinchToZoom.swift in Sources */,
				C21953A627459C7B00837D4F /* FetchNade.swift in Sources */,
				C21EC500271C2A3E002D5B91 /* DynamicLink.swift in Sources */,
				C21EC4FE271C27A2002D5B91 /* DynamicLinkForNade.swift in Sources */,
				C267B57A261CD19800958E01 /* CustomButtonStyle.swift in Sources */,
				C2DE77FE26CD67560092BADE /* FeaturedViewModel.swift in Sources */,
				C2D4068026454B6B00CDCB2B /* ComplimentCell.swift in Sources */,
				C272480A26B4250300251418 /* UserViewModel.swift in Sources */,
				C2D21ADF25FD28DE00FA7368 /* OnRotation.swift in Sources */,
				C29092F9270B7CAA0017C049 /* URL.swift in Sources */,
				C2C5EEFB267209DA002ACAE1 /* SearchBar.swift in Sources */,
				C2069B1525CC041B00ACFD15 /* ContentView.swift in Sources */,
				C29092EA2704EDCF0017C049 /* StatusBarBlur.swift in Sources */,
				C29092FB270B7DC30017C049 /* TabIdentifier.swift in Sources */,
				C2E65E8026C6ACCE004DEE87 /* DateStringFrom.swift in Sources */,
				C2A3018C2712E2F2007EF964 /* TintView.swift in Sources */,
				C2DE783A26D56EEC0092BADE /* ActivityIndicator.swift in Sources */,
				C2DE785126D826A60092BADE /* RecentlyViewedViewModelOrder.swift in Sources */,
				C23C6D0325D3EE08008D283F /* Map.swift in Sources */,
				C2B968EF26C16F9A00CB2C04 /* RecentlyViewedViewModel.swift in Sources */,
				C2069B0125CAF01900ACFD15 /* MapsView.swift in Sources */,
				C2E65E7C26C54F44004DEE87 /* Date.swift in Sources */,
				C227A48B25D82074003F6822 /* FavouritesView.swift in Sources */,
				C29092F4270B73D60017C049 /* PopflashApp.swift in Sources */,
				C2BA142C2729AFE5000B6C4B /* OverviewViewModel.swift in Sources */,
				C2E7A6AE26A1C4630057B5ED /* RecentlyViewedView.swift in Sources */,
				C2A301932714CC0F007EF964 /* ShareSheet.swift in Sources */,
				C272481E26B9C48700251418 /* NadeFrom.swift in Sources */,
				C25005482681D7FF004F3A59 /* SegmentedPicker.swift in Sources */,
				C2A3018F2712F4B7007EF964 /* TintColour.swift in Sources */,
				C23C6D1F25D3F9B6008D283F /* AuthenticationService.swift in Sources */,
				C2D44B2727039E5C003A151E /* ScrollOffset.swift in Sources */,
				C2D44B232700E26A003A151E /* VisualEffectView.swift in Sources */,
				C2A8CD2E2628C344007F55B3 /* MapCell.swift in Sources */,
				C2334C6826B328A9004C0FAA /* SkillGroupViewModel.swift in Sources */,
				C2D21AD725FBE38F00FA7368 /* ProgressBar.swift in Sources */,
				C27E495F25DE7DD800692E01 /* ScreenSize.swift in Sources */,
				C272481926B6F21100251418 /* ImageResizer.swift in Sources */,
				C2D70557269232D6005A0D3B /* OverviewView.swift in Sources */,
			);
			runOnlyForDeploymentPostprocessing = 0;
		};
		C2069AD725CAE8B400ACFD15 /* Sources */ = {
			isa = PBXSourcesBuildPhase;
			buildActionMask = 2147483647;
			files = (
				C2069AE025CAE8B400ACFD15 /* PopflashTests.swift in Sources */,
			);
			runOnlyForDeploymentPostprocessing = 0;
		};
		C2069AE225CAE8B400ACFD15 /* Sources */ = {
			isa = PBXSourcesBuildPhase;
			buildActionMask = 2147483647;
			files = (
				C2069AEB25CAE8B400ACFD15 /* PopflashUITests.swift in Sources */,
			);
			runOnlyForDeploymentPostprocessing = 0;
		};
		C2BB804926F77A0300592CBD /* Sources */ = {
			isa = PBXSourcesBuildPhase;
			buildActionMask = 2147483647;
			files = (
				C29092F027089E470017C049 /* NadeFrom.swift in Sources */,
				C2BB805226F77A0300592CBD /* WidgetExtension.swift in Sources */,
				C29092EF27089A0A0017C049 /* Nade.swift in Sources */,
			);
			runOnlyForDeploymentPostprocessing = 0;
		};
		C2DE780D26D4FEB80092BADE /* Sources */ = {
			isa = PBXSourcesBuildPhase;
			buildActionMask = 2147483647;
			files = (
				C2DE781426D4FEB80092BADE /* NotificationService.swift in Sources */,
			);
			runOnlyForDeploymentPostprocessing = 0;
		};
/* End PBXSourcesBuildPhase section */

/* Begin PBXTargetDependency section */
		C2069ADD25CAE8B400ACFD15 /* PBXTargetDependency */ = {
			isa = PBXTargetDependency;
			target = C2069AC425CAE8B300ACFD15 /* Popflash */;
			targetProxy = C2069ADC25CAE8B400ACFD15 /* PBXContainerItemProxy */;
		};
		C2069AE825CAE8B400ACFD15 /* PBXTargetDependency */ = {
			isa = PBXTargetDependency;
			target = C2069AC425CAE8B300ACFD15 /* Popflash */;
			targetProxy = C2069AE725CAE8B400ACFD15 /* PBXContainerItemProxy */;
		};
		C2BB805726F77A0700592CBD /* PBXTargetDependency */ = {
			isa = PBXTargetDependency;
			target = C2BB804C26F77A0300592CBD /* WidgetExtension */;
			targetProxy = C2BB805626F77A0700592CBD /* PBXContainerItemProxy */;
		};
		C2DE781726D4FEB80092BADE /* PBXTargetDependency */ = {
			isa = PBXTargetDependency;
			target = C2DE781026D4FEB80092BADE /* NotificationServiceExtension */;
			targetProxy = C2DE781626D4FEB80092BADE /* PBXContainerItemProxy */;
		};
/* End PBXTargetDependency section */

/* Begin PBXVariantGroup section */
		C2069AD325CAE8B400ACFD15 /* LaunchScreen.storyboard */ = {
			isa = PBXVariantGroup;
			children = (
				C2069AD425CAE8B400ACFD15 /* Base */,
			);
			name = LaunchScreen.storyboard;
			sourceTree = "<group>";
		};
/* End PBXVariantGroup section */

/* Begin XCBuildConfiguration section */
		C2069AED25CAE8B400ACFD15 /* Debug */ = {
			isa = XCBuildConfiguration;
			buildSettings = {
				ALWAYS_SEARCH_USER_PATHS = NO;
				CLANG_ANALYZER_NONNULL = YES;
				CLANG_ANALYZER_NUMBER_OBJECT_CONVERSION = YES_AGGRESSIVE;
				CLANG_CXX_LANGUAGE_STANDARD = "gnu++14";
				CLANG_CXX_LIBRARY = "libc++";
				CLANG_ENABLE_MODULES = YES;
				CLANG_ENABLE_OBJC_ARC = YES;
				CLANG_ENABLE_OBJC_WEAK = YES;
				CLANG_WARN_BLOCK_CAPTURE_AUTORELEASING = YES;
				CLANG_WARN_BOOL_CONVERSION = YES;
				CLANG_WARN_COMMA = YES;
				CLANG_WARN_CONSTANT_CONVERSION = YES;
				CLANG_WARN_DEPRECATED_OBJC_IMPLEMENTATIONS = YES;
				CLANG_WARN_DIRECT_OBJC_ISA_USAGE = YES_ERROR;
				CLANG_WARN_DOCUMENTATION_COMMENTS = YES;
				CLANG_WARN_EMPTY_BODY = YES;
				CLANG_WARN_ENUM_CONVERSION = YES;
				CLANG_WARN_INFINITE_RECURSION = YES;
				CLANG_WARN_INT_CONVERSION = YES;
				CLANG_WARN_NON_LITERAL_NULL_CONVERSION = YES;
				CLANG_WARN_OBJC_IMPLICIT_RETAIN_SELF = YES;
				CLANG_WARN_OBJC_LITERAL_CONVERSION = YES;
				CLANG_WARN_OBJC_ROOT_CLASS = YES_ERROR;
				CLANG_WARN_QUOTED_INCLUDE_IN_FRAMEWORK_HEADER = YES;
				CLANG_WARN_RANGE_LOOP_ANALYSIS = YES;
				CLANG_WARN_STRICT_PROTOTYPES = YES;
				CLANG_WARN_SUSPICIOUS_MOVE = YES;
				CLANG_WARN_UNGUARDED_AVAILABILITY = YES_AGGRESSIVE;
				CLANG_WARN_UNREACHABLE_CODE = YES;
				CLANG_WARN__DUPLICATE_METHOD_MATCH = YES;
				COPY_PHASE_STRIP = NO;
				DEBUG_INFORMATION_FORMAT = dwarf;
				ENABLE_STRICT_OBJC_MSGSEND = YES;
				ENABLE_TESTABILITY = YES;
				GCC_C_LANGUAGE_STANDARD = gnu11;
				GCC_DYNAMIC_NO_PIC = NO;
				GCC_NO_COMMON_BLOCKS = YES;
				GCC_OPTIMIZATION_LEVEL = 0;
				GCC_PREPROCESSOR_DEFINITIONS = (
					"DEBUG=1",
					"$(inherited)",
				);
				GCC_WARN_64_TO_32_BIT_CONVERSION = YES;
				GCC_WARN_ABOUT_RETURN_TYPE = YES_ERROR;
				GCC_WARN_UNDECLARED_SELECTOR = YES;
				GCC_WARN_UNINITIALIZED_AUTOS = YES_AGGRESSIVE;
				GCC_WARN_UNUSED_FUNCTION = YES;
				GCC_WARN_UNUSED_VARIABLE = YES;
				IPHONEOS_DEPLOYMENT_TARGET = 15.0;
				MTL_ENABLE_DEBUG_INFO = INCLUDE_SOURCE;
				MTL_FAST_MATH = YES;
				ONLY_ACTIVE_ARCH = YES;
				SDKROOT = iphoneos;
				SWIFT_ACTIVE_COMPILATION_CONDITIONS = DEBUG;
				SWIFT_OPTIMIZATION_LEVEL = "-Onone";
			};
			name = Debug;
		};
		C2069AEE25CAE8B400ACFD15 /* Release */ = {
			isa = XCBuildConfiguration;
			buildSettings = {
				ALWAYS_SEARCH_USER_PATHS = NO;
				CLANG_ANALYZER_NONNULL = YES;
				CLANG_ANALYZER_NUMBER_OBJECT_CONVERSION = YES_AGGRESSIVE;
				CLANG_CXX_LANGUAGE_STANDARD = "gnu++14";
				CLANG_CXX_LIBRARY = "libc++";
				CLANG_ENABLE_MODULES = YES;
				CLANG_ENABLE_OBJC_ARC = YES;
				CLANG_ENABLE_OBJC_WEAK = YES;
				CLANG_WARN_BLOCK_CAPTURE_AUTORELEASING = YES;
				CLANG_WARN_BOOL_CONVERSION = YES;
				CLANG_WARN_COMMA = YES;
				CLANG_WARN_CONSTANT_CONVERSION = YES;
				CLANG_WARN_DEPRECATED_OBJC_IMPLEMENTATIONS = YES;
				CLANG_WARN_DIRECT_OBJC_ISA_USAGE = YES_ERROR;
				CLANG_WARN_DOCUMENTATION_COMMENTS = YES;
				CLANG_WARN_EMPTY_BODY = YES;
				CLANG_WARN_ENUM_CONVERSION = YES;
				CLANG_WARN_INFINITE_RECURSION = YES;
				CLANG_WARN_INT_CONVERSION = YES;
				CLANG_WARN_NON_LITERAL_NULL_CONVERSION = YES;
				CLANG_WARN_OBJC_IMPLICIT_RETAIN_SELF = YES;
				CLANG_WARN_OBJC_LITERAL_CONVERSION = YES;
				CLANG_WARN_OBJC_ROOT_CLASS = YES_ERROR;
				CLANG_WARN_QUOTED_INCLUDE_IN_FRAMEWORK_HEADER = YES;
				CLANG_WARN_RANGE_LOOP_ANALYSIS = YES;
				CLANG_WARN_STRICT_PROTOTYPES = YES;
				CLANG_WARN_SUSPICIOUS_MOVE = YES;
				CLANG_WARN_UNGUARDED_AVAILABILITY = YES_AGGRESSIVE;
				CLANG_WARN_UNREACHABLE_CODE = YES;
				CLANG_WARN__DUPLICATE_METHOD_MATCH = YES;
				COPY_PHASE_STRIP = NO;
				DEBUG_INFORMATION_FORMAT = "dwarf-with-dsym";
				ENABLE_NS_ASSERTIONS = NO;
				ENABLE_STRICT_OBJC_MSGSEND = YES;
				GCC_C_LANGUAGE_STANDARD = gnu11;
				GCC_NO_COMMON_BLOCKS = YES;
				GCC_WARN_64_TO_32_BIT_CONVERSION = YES;
				GCC_WARN_ABOUT_RETURN_TYPE = YES_ERROR;
				GCC_WARN_UNDECLARED_SELECTOR = YES;
				GCC_WARN_UNINITIALIZED_AUTOS = YES_AGGRESSIVE;
				GCC_WARN_UNUSED_FUNCTION = YES;
				GCC_WARN_UNUSED_VARIABLE = YES;
				IPHONEOS_DEPLOYMENT_TARGET = 15.0;
				MTL_ENABLE_DEBUG_INFO = NO;
				MTL_FAST_MATH = YES;
				SDKROOT = iphoneos;
				SWIFT_COMPILATION_MODE = wholemodule;
				SWIFT_OPTIMIZATION_LEVEL = "-O";
				VALIDATE_PRODUCT = YES;
			};
			name = Release;
		};
		C2069AF025CAE8B400ACFD15 /* Debug */ = {
			isa = XCBuildConfiguration;
			buildSettings = {
				ALWAYS_EMBED_SWIFT_STANDARD_LIBRARIES = YES;
				ASSETCATALOG_COMPILER_APPICON_NAME = AppIcon;
				ASSETCATALOG_COMPILER_GLOBAL_ACCENT_COLOR_NAME = AccentColor;
				CODE_SIGN_ENTITLEMENTS = Popflash/Popflash.entitlements;
				CODE_SIGN_STYLE = Automatic;
				DEVELOPMENT_ASSET_PATHS = "\"Popflash/Preview Content\"";
				DEVELOPMENT_TEAM = DY2GQFY855;
				ENABLE_PREVIEWS = YES;
				INFOPLIST_FILE = Popflash/Info.plist;
				IPHONEOS_DEPLOYMENT_TARGET = 15.0;
				LD_RUNPATH_SEARCH_PATHS = (
					"$(inherited)",
					"@executable_path/Frameworks",
				);
				PRODUCT_BUNDLE_IDENTIFIER = com.sebvidal.Popflash;
				PRODUCT_NAME = "$(TARGET_NAME)";
				SUPPORTS_MACCATALYST = NO;
				SWIFT_VERSION = 5.0;
				TARGETED_DEVICE_FAMILY = 1;
			};
			name = Debug;
		};
		C2069AF125CAE8B400ACFD15 /* Release */ = {
			isa = XCBuildConfiguration;
			buildSettings = {
				ALWAYS_EMBED_SWIFT_STANDARD_LIBRARIES = YES;
				ASSETCATALOG_COMPILER_APPICON_NAME = AppIcon;
				ASSETCATALOG_COMPILER_GLOBAL_ACCENT_COLOR_NAME = AccentColor;
				CODE_SIGN_ENTITLEMENTS = Popflash/Popflash.entitlements;
				CODE_SIGN_STYLE = Automatic;
				DEVELOPMENT_ASSET_PATHS = "\"Popflash/Preview Content\"";
				DEVELOPMENT_TEAM = DY2GQFY855;
				ENABLE_PREVIEWS = YES;
				INFOPLIST_FILE = Popflash/Info.plist;
				IPHONEOS_DEPLOYMENT_TARGET = 15.0;
				LD_RUNPATH_SEARCH_PATHS = (
					"$(inherited)",
					"@executable_path/Frameworks",
				);
				PRODUCT_BUNDLE_IDENTIFIER = com.sebvidal.Popflash;
				PRODUCT_NAME = "$(TARGET_NAME)";
				SUPPORTS_MACCATALYST = NO;
				SWIFT_VERSION = 5.0;
				TARGETED_DEVICE_FAMILY = 1;
			};
			name = Release;
		};
		C2069AF325CAE8B400ACFD15 /* Debug */ = {
			isa = XCBuildConfiguration;
			buildSettings = {
				ALWAYS_EMBED_SWIFT_STANDARD_LIBRARIES = YES;
				BUNDLE_LOADER = "$(TEST_HOST)";
				CODE_SIGN_STYLE = Automatic;
				DEVELOPMENT_TEAM = DY2GQFY855;
				INFOPLIST_FILE = PopflashTests/Info.plist;
				IPHONEOS_DEPLOYMENT_TARGET = 15.0;
				LD_RUNPATH_SEARCH_PATHS = (
					"$(inherited)",
					"@executable_path/Frameworks",
					"@loader_path/Frameworks",
				);
				PRODUCT_BUNDLE_IDENTIFIER = com.sebvidal.PopflashTests;
				PRODUCT_NAME = "$(TARGET_NAME)";
				SWIFT_VERSION = 5.0;
				TARGETED_DEVICE_FAMILY = "1,2";
				TEST_HOST = "$(BUILT_PRODUCTS_DIR)/Popflash.app/Popflash";
			};
			name = Debug;
		};
		C2069AF425CAE8B400ACFD15 /* Release */ = {
			isa = XCBuildConfiguration;
			buildSettings = {
				ALWAYS_EMBED_SWIFT_STANDARD_LIBRARIES = YES;
				BUNDLE_LOADER = "$(TEST_HOST)";
				CODE_SIGN_STYLE = Automatic;
				DEVELOPMENT_TEAM = DY2GQFY855;
				INFOPLIST_FILE = PopflashTests/Info.plist;
				IPHONEOS_DEPLOYMENT_TARGET = 15.0;
				LD_RUNPATH_SEARCH_PATHS = (
					"$(inherited)",
					"@executable_path/Frameworks",
					"@loader_path/Frameworks",
				);
				PRODUCT_BUNDLE_IDENTIFIER = com.sebvidal.PopflashTests;
				PRODUCT_NAME = "$(TARGET_NAME)";
				SWIFT_VERSION = 5.0;
				TARGETED_DEVICE_FAMILY = "1,2";
				TEST_HOST = "$(BUILT_PRODUCTS_DIR)/Popflash.app/Popflash";
			};
			name = Release;
		};
		C2069AF625CAE8B400ACFD15 /* Debug */ = {
			isa = XCBuildConfiguration;
			buildSettings = {
				ALWAYS_EMBED_SWIFT_STANDARD_LIBRARIES = YES;
				CODE_SIGN_STYLE = Automatic;
				DEVELOPMENT_TEAM = DY2GQFY855;
				INFOPLIST_FILE = PopflashUITests/Info.plist;
				LD_RUNPATH_SEARCH_PATHS = (
					"$(inherited)",
					"@executable_path/Frameworks",
					"@loader_path/Frameworks",
				);
				PRODUCT_BUNDLE_IDENTIFIER = com.sebvidal.PopflashUITests;
				PRODUCT_NAME = "$(TARGET_NAME)";
				SWIFT_VERSION = 5.0;
				TARGETED_DEVICE_FAMILY = "1,2";
				TEST_TARGET_NAME = Popflash;
			};
			name = Debug;
		};
		C2069AF725CAE8B400ACFD15 /* Release */ = {
			isa = XCBuildConfiguration;
			buildSettings = {
				ALWAYS_EMBED_SWIFT_STANDARD_LIBRARIES = YES;
				CODE_SIGN_STYLE = Automatic;
				DEVELOPMENT_TEAM = DY2GQFY855;
				INFOPLIST_FILE = PopflashUITests/Info.plist;
				LD_RUNPATH_SEARCH_PATHS = (
					"$(inherited)",
					"@executable_path/Frameworks",
					"@loader_path/Frameworks",
				);
				PRODUCT_BUNDLE_IDENTIFIER = com.sebvidal.PopflashUITests;
				PRODUCT_NAME = "$(TARGET_NAME)";
				SWIFT_VERSION = 5.0;
				TARGETED_DEVICE_FAMILY = "1,2";
				TEST_TARGET_NAME = Popflash;
			};
			name = Release;
		};
		C2BB805A26F77A0700592CBD /* Debug */ = {
			isa = XCBuildConfiguration;
			buildSettings = {
				ASSETCATALOG_COMPILER_GLOBAL_ACCENT_COLOR_NAME = AccentColor;
				ASSETCATALOG_COMPILER_WIDGET_BACKGROUND_COLOR_NAME = WidgetBackground;
				CLANG_CXX_LANGUAGE_STANDARD = "gnu++17";
				CODE_SIGN_ENTITLEMENTS = WidgetExtension/WidgetExtension.entitlements;
				CODE_SIGN_STYLE = Automatic;
				CURRENT_PROJECT_VERSION = 1;
				DEVELOPMENT_TEAM = DY2GQFY855;
				GENERATE_INFOPLIST_FILE = YES;
				INFOPLIST_FILE = WidgetExtension/Info.plist;
				INFOPLIST_KEY_CFBundleDisplayName = WidgetExtension;
				INFOPLIST_KEY_NSHumanReadableCopyright = "";
				LD_RUNPATH_SEARCH_PATHS = (
					"$(inherited)",
					"@executable_path/Frameworks",
					"@executable_path/../../Frameworks",
				);
				MARKETING_VERSION = 1.0;
				PRODUCT_BUNDLE_IDENTIFIER = com.sebvidal.Popflash.WidgetExtension;
				PRODUCT_NAME = "$(TARGET_NAME)";
				SKIP_INSTALL = YES;
				SWIFT_EMIT_LOC_STRINGS = YES;
				SWIFT_VERSION = 5.0;
				TARGETED_DEVICE_FAMILY = "1,2";
			};
			name = Debug;
		};
		C2BB805B26F77A0700592CBD /* Release */ = {
			isa = XCBuildConfiguration;
			buildSettings = {
				ASSETCATALOG_COMPILER_GLOBAL_ACCENT_COLOR_NAME = AccentColor;
				ASSETCATALOG_COMPILER_WIDGET_BACKGROUND_COLOR_NAME = WidgetBackground;
				CLANG_CXX_LANGUAGE_STANDARD = "gnu++17";
				CODE_SIGN_ENTITLEMENTS = WidgetExtension/WidgetExtension.entitlements;
				CODE_SIGN_STYLE = Automatic;
				CURRENT_PROJECT_VERSION = 1;
				DEVELOPMENT_TEAM = DY2GQFY855;
				GENERATE_INFOPLIST_FILE = YES;
				INFOPLIST_FILE = WidgetExtension/Info.plist;
				INFOPLIST_KEY_CFBundleDisplayName = WidgetExtension;
				INFOPLIST_KEY_NSHumanReadableCopyright = "";
				LD_RUNPATH_SEARCH_PATHS = (
					"$(inherited)",
					"@executable_path/Frameworks",
					"@executable_path/../../Frameworks",
				);
				MARKETING_VERSION = 1.0;
				PRODUCT_BUNDLE_IDENTIFIER = com.sebvidal.Popflash.WidgetExtension;
				PRODUCT_NAME = "$(TARGET_NAME)";
				SKIP_INSTALL = YES;
				SWIFT_EMIT_LOC_STRINGS = YES;
				SWIFT_VERSION = 5.0;
				TARGETED_DEVICE_FAMILY = "1,2";
			};
			name = Release;
		};
		C2DE781A26D4FEB80092BADE /* Debug */ = {
			isa = XCBuildConfiguration;
			buildSettings = {
				CLANG_CXX_LANGUAGE_STANDARD = "gnu++17";
				CODE_SIGN_STYLE = Automatic;
				CURRENT_PROJECT_VERSION = 1;
				DEVELOPMENT_TEAM = DY2GQFY855;
				GENERATE_INFOPLIST_FILE = YES;
				INFOPLIST_FILE = NotificationServiceExtension/Info.plist;
				INFOPLIST_KEY_CFBundleDisplayName = NotificationServiceExtension;
				INFOPLIST_KEY_NSHumanReadableCopyright = "";
				LD_RUNPATH_SEARCH_PATHS = (
					"$(inherited)",
					"@executable_path/Frameworks",
					"@executable_path/../../Frameworks",
				);
				MARKETING_VERSION = 1.0;
				PRODUCT_BUNDLE_IDENTIFIER = com.sebvidal.Popflash.NotificationServiceExtension;
				PRODUCT_NAME = "$(TARGET_NAME)";
				SKIP_INSTALL = YES;
				SWIFT_EMIT_LOC_STRINGS = YES;
				SWIFT_VERSION = 5.0;
				TARGETED_DEVICE_FAMILY = "1,2";
			};
			name = Debug;
		};
		C2DE781B26D4FEB80092BADE /* Release */ = {
			isa = XCBuildConfiguration;
			buildSettings = {
				CLANG_CXX_LANGUAGE_STANDARD = "gnu++17";
				CODE_SIGN_STYLE = Automatic;
				CURRENT_PROJECT_VERSION = 1;
				DEVELOPMENT_TEAM = DY2GQFY855;
				GENERATE_INFOPLIST_FILE = YES;
				INFOPLIST_FILE = NotificationServiceExtension/Info.plist;
				INFOPLIST_KEY_CFBundleDisplayName = NotificationServiceExtension;
				INFOPLIST_KEY_NSHumanReadableCopyright = "";
				LD_RUNPATH_SEARCH_PATHS = (
					"$(inherited)",
					"@executable_path/Frameworks",
					"@executable_path/../../Frameworks",
				);
				MARKETING_VERSION = 1.0;
				PRODUCT_BUNDLE_IDENTIFIER = com.sebvidal.Popflash.NotificationServiceExtension;
				PRODUCT_NAME = "$(TARGET_NAME)";
				SKIP_INSTALL = YES;
				SWIFT_EMIT_LOC_STRINGS = YES;
				SWIFT_VERSION = 5.0;
				TARGETED_DEVICE_FAMILY = "1,2";
			};
			name = Release;
		};
/* End XCBuildConfiguration section */

/* Begin XCConfigurationList section */
		C2069AC025CAE8B300ACFD15 /* Build configuration list for PBXProject "Popflash" */ = {
			isa = XCConfigurationList;
			buildConfigurations = (
				C2069AED25CAE8B400ACFD15 /* Debug */,
				C2069AEE25CAE8B400ACFD15 /* Release */,
			);
			defaultConfigurationIsVisible = 0;
			defaultConfigurationName = Release;
		};
		C2069AEF25CAE8B400ACFD15 /* Build configuration list for PBXNativeTarget "Popflash" */ = {
			isa = XCConfigurationList;
			buildConfigurations = (
				C2069AF025CAE8B400ACFD15 /* Debug */,
				C2069AF125CAE8B400ACFD15 /* Release */,
			);
			defaultConfigurationIsVisible = 0;
			defaultConfigurationName = Release;
		};
		C2069AF225CAE8B400ACFD15 /* Build configuration list for PBXNativeTarget "PopflashTests" */ = {
			isa = XCConfigurationList;
			buildConfigurations = (
				C2069AF325CAE8B400ACFD15 /* Debug */,
				C2069AF425CAE8B400ACFD15 /* Release */,
			);
			defaultConfigurationIsVisible = 0;
			defaultConfigurationName = Release;
		};
		C2069AF525CAE8B400ACFD15 /* Build configuration list for PBXNativeTarget "PopflashUITests" */ = {
			isa = XCConfigurationList;
			buildConfigurations = (
				C2069AF625CAE8B400ACFD15 /* Debug */,
				C2069AF725CAE8B400ACFD15 /* Release */,
			);
			defaultConfigurationIsVisible = 0;
			defaultConfigurationName = Release;
		};
		C2BB805926F77A0700592CBD /* Build configuration list for PBXNativeTarget "WidgetExtension" */ = {
			isa = XCConfigurationList;
			buildConfigurations = (
				C2BB805A26F77A0700592CBD /* Debug */,
				C2BB805B26F77A0700592CBD /* Release */,
			);
			defaultConfigurationIsVisible = 0;
			defaultConfigurationName = Release;
		};
		C2DE781926D4FEB80092BADE /* Build configuration list for PBXNativeTarget "NotificationServiceExtension" */ = {
			isa = XCConfigurationList;
			buildConfigurations = (
				C2DE781A26D4FEB80092BADE /* Debug */,
				C2DE781B26D4FEB80092BADE /* Release */,
			);
			defaultConfigurationIsVisible = 0;
			defaultConfigurationName = Release;
		};
/* End XCConfigurationList section */

/* Begin XCRemoteSwiftPackageReference section */
		C21EC4ED271B6AF2002D5B91 /* XCRemoteSwiftPackageReference "firebase-ios-sdk" */ = {
			isa = XCRemoteSwiftPackageReference;
			repositoryURL = "https://github.com/firebase/firebase-ios-sdk.git";
			requirement = {
				kind = upToNextMajorVersion;
				minimumVersion = 8.0.0;
			};
		};
		C2334C5326B1DC1E004C0FAA /* XCRemoteSwiftPackageReference "Kingfisher" */ = {
			isa = XCRemoteSwiftPackageReference;
			repositoryURL = "https://github.com/onevcat/Kingfisher.git";
			requirement = {
				branch = master;
				kind = branch;
			};
		};
		C2334C5F26B30325004C0FAA /* XCRemoteSwiftPackageReference "BottomSheet" */ = {
			isa = XCRemoteSwiftPackageReference;
			repositoryURL = "https://github.com/adamfootdev/BottomSheet";
			requirement = {
				kind = upToNextMajorVersion;
				minimumVersion = 0.2.1;
			};
		};
/* End XCRemoteSwiftPackageReference section */

/* Begin XCSwiftPackageProductDependency section */
		C21EC4EE271B6AF2002D5B91 /* FirebaseAuth */ = {
			isa = XCSwiftPackageProductDependency;
			package = C21EC4ED271B6AF2002D5B91 /* XCRemoteSwiftPackageReference "firebase-ios-sdk" */;
			productName = FirebaseAuth;
		};
		C21EC4F0271B6AF2002D5B91 /* FirebaseDynamicLinks */ = {
			isa = XCSwiftPackageProductDependency;
			package = C21EC4ED271B6AF2002D5B91 /* XCRemoteSwiftPackageReference "firebase-ios-sdk" */;
			productName = FirebaseDynamicLinks;
		};
		C21EC4F2271B6AF2002D5B91 /* FirebaseFirestore */ = {
			isa = XCSwiftPackageProductDependency;
			package = C21EC4ED271B6AF2002D5B91 /* XCRemoteSwiftPackageReference "firebase-ios-sdk" */;
			productName = FirebaseFirestore;
		};
		C21EC4F4271B6AF2002D5B91 /* FirebaseFirestoreSwift-Beta */ = {
			isa = XCSwiftPackageProductDependency;
			package = C21EC4ED271B6AF2002D5B91 /* XCRemoteSwiftPackageReference "firebase-ios-sdk" */;
			productName = "FirebaseFirestoreSwift-Beta";
		};
		C21EC4F6271B6AF2002D5B91 /* FirebaseMessaging */ = {
			isa = XCSwiftPackageProductDependency;
			package = C21EC4ED271B6AF2002D5B91 /* XCRemoteSwiftPackageReference "firebase-ios-sdk" */;
			productName = FirebaseMessaging;
		};
		C21EC4F8271B6AF2002D5B91 /* FirebaseStorage */ = {
			isa = XCSwiftPackageProductDependency;
			package = C21EC4ED271B6AF2002D5B91 /* XCRemoteSwiftPackageReference "firebase-ios-sdk" */;
			productName = FirebaseStorage;
		};
		C21EC501271C313B002D5B91 /* FirebaseMessaging */ = {
			isa = XCSwiftPackageProductDependency;
			package = C21EC4ED271B6AF2002D5B91 /* XCRemoteSwiftPackageReference "firebase-ios-sdk" */;
			productName = FirebaseMessaging;
		};
		C21EC503271C3170002D5B91 /* FirebaseAuth */ = {
			isa = XCSwiftPackageProductDependency;
			package = C21EC4ED271B6AF2002D5B91 /* XCRemoteSwiftPackageReference "firebase-ios-sdk" */;
			productName = FirebaseAuth;
		};
		C21EC505271C3170002D5B91 /* FirebaseFirestore */ = {
			isa = XCSwiftPackageProductDependency;
			package = C21EC4ED271B6AF2002D5B91 /* XCRemoteSwiftPackageReference "firebase-ios-sdk" */;
			productName = FirebaseFirestore;
		};
		C2334C5426B1DC1E004C0FAA /* Kingfisher */ = {
			isa = XCSwiftPackageProductDependency;
			package = C2334C5326B1DC1E004C0FAA /* XCRemoteSwiftPackageReference "Kingfisher" */;
			productName = Kingfisher;
		};
		C2334C6026B30325004C0FAA /* BottomSheet */ = {
			isa = XCSwiftPackageProductDependency;
			package = C2334C5F26B30325004C0FAA /* XCRemoteSwiftPackageReference "BottomSheet" */;
			productName = BottomSheet;
		};
/* End XCSwiftPackageProductDependency section */
	};
	rootObject = C2069ABD25CAE8B300ACFD15 /* Project object */;
}
